// !$*UTF8*$!
{
	archiveVersion = 1;
	classes = {
	};
	objectVersion = 56;
	objects = {

/* Begin PBXBuildFile section */
		AD0B76992AEC0B3500B9412D /* HomeWeatherModel.swift in Sources */ = {isa = PBXBuildFile; fileRef = AD0B76982AEC0B3500B9412D /* HomeWeatherModel.swift */; };
		AD0B769C2AEC313A00B9412D /* Kingfisher in Frameworks */ = {isa = PBXBuildFile; productRef = AD0B769B2AEC313A00B9412D /* Kingfisher */; };
		AD0B769F2AEC31E800B9412D /* LocationManager.swift in Sources */ = {isa = PBXBuildFile; fileRef = AD0B769E2AEC31E800B9412D /* LocationManager.swift */; };
		AD21A2672AEE5FD700420125 /* LoadingView.swift in Sources */ = {isa = PBXBuildFile; fileRef = AD21A2662AEE5FD700420125 /* LoadingView.swift */; };
		AD21A26E2AEE90A500420125 /* SearchScene.swift in Sources */ = {isa = PBXBuildFile; fileRef = AD21A26D2AEE90A500420125 /* SearchScene.swift */; };
		AD21A2702AEE90B200420125 /* SearchViewModel.swift in Sources */ = {isa = PBXBuildFile; fileRef = AD21A26F2AEE90B200420125 /* SearchViewModel.swift */; };
		AD21A2722AEE90B900420125 /* SearchVCBuilder.swift in Sources */ = {isa = PBXBuildFile; fileRef = AD21A2712AEE90B900420125 /* SearchVCBuilder.swift */; };
		AD21A2742AEE90C000420125 /* SearchVC.swift in Sources */ = {isa = PBXBuildFile; fileRef = AD21A2732AEE90C000420125 /* SearchVC.swift */; };
		AD21A2782AEE974E00420125 /* SearchEmptyView.swift in Sources */ = {isa = PBXBuildFile; fileRef = AD21A2772AEE974E00420125 /* SearchEmptyView.swift */; };
		AD21A27B2AEE989000420125 /* SearchAppRepository.swift in Sources */ = {isa = PBXBuildFile; fileRef = AD21A27A2AEE989000420125 /* SearchAppRepository.swift */; };
		AD21A27D2AEE989D00420125 /* DefaultSearchOnlineRepository.swift in Sources */ = {isa = PBXBuildFile; fileRef = AD21A27C2AEE989D00420125 /* DefaultSearchOnlineRepository.swift */; };
		AD21A2812AEE98F000420125 /* SearchRequestModel.swift in Sources */ = {isa = PBXBuildFile; fileRef = AD21A2802AEE98F000420125 /* SearchRequestModel.swift */; };
		AD21A2832AEE995800420125 /* SearchRequest.swift in Sources */ = {isa = PBXBuildFile; fileRef = AD21A2822AEE995800420125 /* SearchRequest.swift */; };
		AD21A2852AEE999700420125 /* SearchResultModel.swift in Sources */ = {isa = PBXBuildFile; fileRef = AD21A2842AEE999700420125 /* SearchResultModel.swift */; };
		AD21A2872AEE9B8500420125 /* SearchViewState.swift in Sources */ = {isa = PBXBuildFile; fileRef = AD21A2862AEE9B8500420125 /* SearchViewState.swift */; };
		AD21A28A2AEE9BA400420125 /* SearchModel.swift in Sources */ = {isa = PBXBuildFile; fileRef = AD21A2892AEE9BA400420125 /* SearchModel.swift */; };
		AD21A28C2AEED71E00420125 /* DebounceManager.swift in Sources */ = {isa = PBXBuildFile; fileRef = AD21A28B2AEED71E00420125 /* DebounceManager.swift */; };
		AD21A2902AEEDCE700420125 /* UserManager.swift in Sources */ = {isa = PBXBuildFile; fileRef = AD21A28F2AEEDCE700420125 /* UserManager.swift */; };
		AD21A2942AEEDEB400420125 /* Optional+Extentsions.swift in Sources */ = {isa = PBXBuildFile; fileRef = AD21A2932AEEDEB400420125 /* Optional+Extentsions.swift */; };
		AD21A2962AEEE05B00420125 /* Publisher+Extensions.swift in Sources */ = {isa = PBXBuildFile; fileRef = AD21A2952AEEE05B00420125 /* Publisher+Extensions.swift */; };
		AD21A2982AEEE62C00420125 /* Double+Extenstion.swift in Sources */ = {isa = PBXBuildFile; fileRef = AD21A2972AEEE62C00420125 /* Double+Extenstion.swift */; };
		AD21A29A2AEEE6E000420125 /* Int+Extension.swift in Sources */ = {isa = PBXBuildFile; fileRef = AD21A2992AEEE6E000420125 /* Int+Extension.swift */; };
		AD29CBD62AEF086200F22517 /* Swinject in Frameworks */ = {isa = PBXBuildFile; productRef = AD29CBD52AEF086200F22517 /* Swinject */; };
		AD451E272AE9ACB7003130C9 /* AppDelegate.swift in Sources */ = {isa = PBXBuildFile; fileRef = AD451E262AE9ACB7003130C9 /* AppDelegate.swift */; };
		AD451E332AE9ACB7003130C9 /* LaunchScreen.storyboard in Resources */ = {isa = PBXBuildFile; fileRef = AD451E312AE9ACB7003130C9 /* LaunchScreen.storyboard */; };
		AD451E3E2AE9ACB8003130C9 /* MyWeatherAppTests.swift in Sources */ = {isa = PBXBuildFile; fileRef = AD451E3D2AE9ACB8003130C9 /* MyWeatherAppTests.swift */; };
		AD451E482AE9ACB8003130C9 /* MyWeatherAppUITests.swift in Sources */ = {isa = PBXBuildFile; fileRef = AD451E472AE9ACB8003130C9 /* MyWeatherAppUITests.swift */; };
		AD451E4A2AE9ACB8003130C9 /* MyWeatherAppUITestsLaunchTests.swift in Sources */ = {isa = PBXBuildFile; fileRef = AD451E492AE9ACB8003130C9 /* MyWeatherAppUITestsLaunchTests.swift */; };
		AD451E6E2AEA9E91003130C9 /* Coordinator.swift in Sources */ = {isa = PBXBuildFile; fileRef = AD451E6D2AEA9E91003130C9 /* Coordinator.swift */; };
		AD451E702AEA9EF0003130C9 /* AppCoordinator.swift in Sources */ = {isa = PBXBuildFile; fileRef = AD451E6F2AEA9EF0003130C9 /* AppCoordinator.swift */; };
		AD451E732AEA9F98003130C9 /* CustomHostingController.swift in Sources */ = {isa = PBXBuildFile; fileRef = AD451E722AEA9F98003130C9 /* CustomHostingController.swift */; };
		AD451E752AEAA099003130C9 /* HomeCoordinator.swift in Sources */ = {isa = PBXBuildFile; fileRef = AD451E742AEAA099003130C9 /* HomeCoordinator.swift */; };
		AD451E782AEAA11F003130C9 /* ViewControllerRoutes.swift in Sources */ = {isa = PBXBuildFile; fileRef = AD451E772AEAA11F003130C9 /* ViewControllerRoutes.swift */; };
		AD451E802AEAA2AC003130C9 /* AppContainer.swift in Sources */ = {isa = PBXBuildFile; fileRef = AD451E7F2AEAA2AC003130C9 /* AppContainer.swift */; };
		AD451E842AEAA327003130C9 /* CommonContainer.swift in Sources */ = {isa = PBXBuildFile; fileRef = AD451E832AEAA327003130C9 /* CommonContainer.swift */; };
		AD451E8C2AEAA407003130C9 /* HomeVCBuilder.swift in Sources */ = {isa = PBXBuildFile; fileRef = AD451E8B2AEAA407003130C9 /* HomeVCBuilder.swift */; };
		AD451E8F2AEAA443003130C9 /* Typealias.swift in Sources */ = {isa = PBXBuildFile; fileRef = AD451E8E2AEAA443003130C9 /* Typealias.swift */; };
		AD451E912AEAA48F003130C9 /* BaseBuilder.swift in Sources */ = {isa = PBXBuildFile; fileRef = AD451E902AEAA48F003130C9 /* BaseBuilder.swift */; };
		AD451E932AEAA4DB003130C9 /* HomeVC.swift in Sources */ = {isa = PBXBuildFile; fileRef = AD451E922AEAA4DB003130C9 /* HomeVC.swift */; };
		AD451E952AEAA53E003130C9 /* HomeViewModel.swift in Sources */ = {isa = PBXBuildFile; fileRef = AD451E942AEAA53E003130C9 /* HomeViewModel.swift */; };
		AD451E972AEAA5E3003130C9 /* HomeScene.swift in Sources */ = {isa = PBXBuildFile; fileRef = AD451E962AEAA5E3003130C9 /* HomeScene.swift */; };
		AD451E9A2AEAA82F003130C9 /* UINavigationController+Extension.swift in Sources */ = {isa = PBXBuildFile; fileRef = AD451E992AEAA82F003130C9 /* UINavigationController+Extension.swift */; };
		AD451E9C2AEAAB24003130C9 /* HomeHeaderView.swift in Sources */ = {isa = PBXBuildFile; fileRef = AD451E9B2AEAAB24003130C9 /* HomeHeaderView.swift */; };
		AD451E9E2AEAB11F003130C9 /* HomeDetailView.swift in Sources */ = {isa = PBXBuildFile; fileRef = AD451E9D2AEAB11F003130C9 /* HomeDetailView.swift */; };
		AD451EA92AEADE98003130C9 /* Localizable.strings in Resources */ = {isa = PBXBuildFile; fileRef = AD451EAB2AEADE98003130C9 /* Localizable.strings */; };
		AD451EAE2AEADEA6003130C9 /* Images.xcassets in Resources */ = {isa = PBXBuildFile; fileRef = AD451EAD2AEADEA6003130C9 /* Images.xcassets */; };
		AD451EB02AEADEAF003130C9 /* Colors.xcassets in Resources */ = {isa = PBXBuildFile; fileRef = AD451EAF2AEADEAF003130C9 /* Colors.xcassets */; };
		AD451EB42AEADF84003130C9 /* Assets.generated.swift in Sources */ = {isa = PBXBuildFile; fileRef = AD451EB32AEADF84003130C9 /* Assets.generated.swift */; };
		AD451EB62AEADFD1003130C9 /* Localizable.generated.swift in Sources */ = {isa = PBXBuildFile; fileRef = AD451EB52AEADFD1003130C9 /* Localizable.generated.swift */; };
		AD451EB92AEAE06E003130C9 /* ConcurrentNgNetworkModule in Frameworks */ = {isa = PBXBuildFile; productRef = AD451EB82AEAE06E003130C9 /* ConcurrentNgNetworkModule */; };
		AD451EBB2AEAE06E003130C9 /* NgNetworkModuleCore in Frameworks */ = {isa = PBXBuildFile; productRef = AD451EBA2AEAE06E003130C9 /* NgNetworkModuleCore */; };
		AD451EBD2AEAE06E003130C9 /* ReactiveNgNetworkModule in Frameworks */ = {isa = PBXBuildFile; productRef = AD451EBC2AEAE06E003130C9 /* ReactiveNgNetworkModule */; };
		AD451EC22AEAE3EC003130C9 /* RequestPerformer.swift in Sources */ = {isa = PBXBuildFile; fileRef = AD451EC12AEAE3EC003130C9 /* RequestPerformer.swift */; };
		AD451EC42AEAE9B2003130C9 /* NetworkURLManager.swift in Sources */ = {isa = PBXBuildFile; fileRef = AD451EC32AEAE9B2003130C9 /* NetworkURLManager.swift */; };
		AD451EC62AEAE9FE003130C9 /* AppScheme.swift in Sources */ = {isa = PBXBuildFile; fileRef = AD451EC52AEAE9FE003130C9 /* AppScheme.swift */; };
		AD451EC82AEAEFF8003130C9 /* IntegrationContainer.swift in Sources */ = {isa = PBXBuildFile; fileRef = AD451EC72AEAEFF7003130C9 /* IntegrationContainer.swift */; };
		AD451ECC2AEAF100003130C9 /* HomeAppRepository.swift in Sources */ = {isa = PBXBuildFile; fileRef = AD451ECB2AEAF100003130C9 /* HomeAppRepository.swift */; };
		AD451ECE2AEAF17E003130C9 /* DefaultHomeOnlineRepository.swift in Sources */ = {isa = PBXBuildFile; fileRef = AD451ECD2AEAF17E003130C9 /* DefaultHomeOnlineRepository.swift */; };
		AD451ED02AEAF1BC003130C9 /* BaseOnlineRepository.swift in Sources */ = {isa = PBXBuildFile; fileRef = AD451ECF2AEAF1BC003130C9 /* BaseOnlineRepository.swift */; };
		AD451ED42AEAF224003130C9 /* HomeRequest.swift in Sources */ = {isa = PBXBuildFile; fileRef = AD451ED32AEAF224003130C9 /* HomeRequest.swift */; };
		AD451ED72AEAF2B8003130C9 /* HomeRequestModel.swift in Sources */ = {isa = PBXBuildFile; fileRef = AD451ED62AEAF2B8003130C9 /* HomeRequestModel.swift */; };
		AD451ED92AEAF35F003130C9 /* HomeResultModel.swift in Sources */ = {isa = PBXBuildFile; fileRef = AD451ED82AEAF35F003130C9 /* HomeResultModel.swift */; };
		AD451EDB2AEAF7A4003130C9 /* Codable+Extension.swift in Sources */ = {isa = PBXBuildFile; fileRef = AD451EDA2AEAF7A4003130C9 /* Codable+Extension.swift */; };
		AD451EDD2AEAF979003130C9 /* HomeViewState.swift in Sources */ = {isa = PBXBuildFile; fileRef = AD451EDC2AEAF979003130C9 /* HomeViewState.swift */; };
		AD451EE02AEB0F44003130C9 /* TokenManager.swift in Sources */ = {isa = PBXBuildFile; fileRef = AD451EDF2AEB0F44003130C9 /* TokenManager.swift */; };
		ADBDD37F2AEE40C2008C9286 /* ErrorView.swift in Sources */ = {isa = PBXBuildFile; fileRef = ADBDD37E2AEE40C2008C9286 /* ErrorView.swift */; };
		ADBDD3812AEE422E008C9286 /* View+Extensions.swift in Sources */ = {isa = PBXBuildFile; fileRef = ADBDD3802AEE422E008C9286 /* View+Extensions.swift */; };
/* End PBXBuildFile section */

/* Begin PBXContainerItemProxy section */
		AD451E3A2AE9ACB8003130C9 /* PBXContainerItemProxy */ = {
			isa = PBXContainerItemProxy;
			containerPortal = AD451E1B2AE9ACB7003130C9 /* Project object */;
			proxyType = 1;
			remoteGlobalIDString = AD451E222AE9ACB7003130C9;
			remoteInfo = MyWeatherApp;
		};
		AD451E442AE9ACB8003130C9 /* PBXContainerItemProxy */ = {
			isa = PBXContainerItemProxy;
			containerPortal = AD451E1B2AE9ACB7003130C9 /* Project object */;
			proxyType = 1;
			remoteGlobalIDString = AD451E222AE9ACB7003130C9;
			remoteInfo = MyWeatherApp;
		};
/* End PBXContainerItemProxy section */

/* Begin PBXCopyFilesBuildPhase section */
		AD29CBD32AEF082F00F22517 /* Embed Frameworks */ = {
			isa = PBXCopyFilesBuildPhase;
			buildActionMask = 2147483647;
			dstPath = "";
			dstSubfolderSpec = 10;
			files = (
			);
			name = "Embed Frameworks";
			runOnlyForDeploymentPostprocessing = 0;
		};
/* End PBXCopyFilesBuildPhase section */

/* Begin PBXFileReference section */
		AD0B76982AEC0B3500B9412D /* HomeWeatherModel.swift */ = {isa = PBXFileReference; lastKnownFileType = sourcecode.swift; path = HomeWeatherModel.swift; sourceTree = "<group>"; };
		AD0B769E2AEC31E800B9412D /* LocationManager.swift */ = {isa = PBXFileReference; lastKnownFileType = sourcecode.swift; path = LocationManager.swift; sourceTree = "<group>"; };
		AD21A2662AEE5FD700420125 /* LoadingView.swift */ = {isa = PBXFileReference; lastKnownFileType = sourcecode.swift; path = LoadingView.swift; sourceTree = "<group>"; };
		AD21A26D2AEE90A500420125 /* SearchScene.swift */ = {isa = PBXFileReference; lastKnownFileType = sourcecode.swift; path = SearchScene.swift; sourceTree = "<group>"; };
		AD21A26F2AEE90B200420125 /* SearchViewModel.swift */ = {isa = PBXFileReference; lastKnownFileType = sourcecode.swift; path = SearchViewModel.swift; sourceTree = "<group>"; };
		AD21A2712AEE90B900420125 /* SearchVCBuilder.swift */ = {isa = PBXFileReference; lastKnownFileType = sourcecode.swift; path = SearchVCBuilder.swift; sourceTree = "<group>"; };
		AD21A2732AEE90C000420125 /* SearchVC.swift */ = {isa = PBXFileReference; lastKnownFileType = sourcecode.swift; path = SearchVC.swift; sourceTree = "<group>"; };
		AD21A2772AEE974E00420125 /* SearchEmptyView.swift */ = {isa = PBXFileReference; lastKnownFileType = sourcecode.swift; path = SearchEmptyView.swift; sourceTree = "<group>"; };
		AD21A27A2AEE989000420125 /* SearchAppRepository.swift */ = {isa = PBXFileReference; lastKnownFileType = sourcecode.swift; path = SearchAppRepository.swift; sourceTree = "<group>"; };
		AD21A27C2AEE989D00420125 /* DefaultSearchOnlineRepository.swift */ = {isa = PBXFileReference; lastKnownFileType = sourcecode.swift; path = DefaultSearchOnlineRepository.swift; sourceTree = "<group>"; };
		AD21A2802AEE98F000420125 /* SearchRequestModel.swift */ = {isa = PBXFileReference; lastKnownFileType = sourcecode.swift; path = SearchRequestModel.swift; sourceTree = "<group>"; };
		AD21A2822AEE995800420125 /* SearchRequest.swift */ = {isa = PBXFileReference; lastKnownFileType = sourcecode.swift; path = SearchRequest.swift; sourceTree = "<group>"; };
		AD21A2842AEE999700420125 /* SearchResultModel.swift */ = {isa = PBXFileReference; lastKnownFileType = sourcecode.swift; path = SearchResultModel.swift; sourceTree = "<group>"; };
		AD21A2862AEE9B8500420125 /* SearchViewState.swift */ = {isa = PBXFileReference; lastKnownFileType = sourcecode.swift; path = SearchViewState.swift; sourceTree = "<group>"; };
		AD21A2892AEE9BA400420125 /* SearchModel.swift */ = {isa = PBXFileReference; lastKnownFileType = sourcecode.swift; path = SearchModel.swift; sourceTree = "<group>"; };
		AD21A28B2AEED71E00420125 /* DebounceManager.swift */ = {isa = PBXFileReference; lastKnownFileType = sourcecode.swift; path = DebounceManager.swift; sourceTree = "<group>"; };
		AD21A28F2AEEDCE700420125 /* UserManager.swift */ = {isa = PBXFileReference; lastKnownFileType = sourcecode.swift; path = UserManager.swift; sourceTree = "<group>"; };
		AD21A2932AEEDEB400420125 /* Optional+Extentsions.swift */ = {isa = PBXFileReference; lastKnownFileType = sourcecode.swift; path = "Optional+Extentsions.swift"; sourceTree = "<group>"; };
		AD21A2952AEEE05B00420125 /* Publisher+Extensions.swift */ = {isa = PBXFileReference; lastKnownFileType = sourcecode.swift; path = "Publisher+Extensions.swift"; sourceTree = "<group>"; };
		AD21A2972AEEE62C00420125 /* Double+Extenstion.swift */ = {isa = PBXFileReference; lastKnownFileType = sourcecode.swift; path = "Double+Extenstion.swift"; sourceTree = "<group>"; };
		AD21A2992AEEE6E000420125 /* Int+Extension.swift */ = {isa = PBXFileReference; lastKnownFileType = sourcecode.swift; path = "Int+Extension.swift"; sourceTree = "<group>"; };
		AD451E232AE9ACB7003130C9 /* MyWeatherApp.app */ = {isa = PBXFileReference; explicitFileType = wrapper.application; includeInIndex = 0; path = MyWeatherApp.app; sourceTree = BUILT_PRODUCTS_DIR; };
		AD451E262AE9ACB7003130C9 /* AppDelegate.swift */ = {isa = PBXFileReference; lastKnownFileType = sourcecode.swift; path = AppDelegate.swift; sourceTree = "<group>"; };
		AD451E322AE9ACB7003130C9 /* Base */ = {isa = PBXFileReference; lastKnownFileType = file.storyboard; name = Base; path = Base.lproj/LaunchScreen.storyboard; sourceTree = "<group>"; };
		AD451E342AE9ACB7003130C9 /* Info.plist */ = {isa = PBXFileReference; lastKnownFileType = text.plist.xml; path = Info.plist; sourceTree = "<group>"; };
		AD451E392AE9ACB8003130C9 /* MyWeatherAppTests.xctest */ = {isa = PBXFileReference; explicitFileType = wrapper.cfbundle; includeInIndex = 0; path = MyWeatherAppTests.xctest; sourceTree = BUILT_PRODUCTS_DIR; };
		AD451E3D2AE9ACB8003130C9 /* MyWeatherAppTests.swift */ = {isa = PBXFileReference; lastKnownFileType = sourcecode.swift; path = MyWeatherAppTests.swift; sourceTree = "<group>"; };
		AD451E432AE9ACB8003130C9 /* MyWeatherAppUITests.xctest */ = {isa = PBXFileReference; explicitFileType = wrapper.cfbundle; includeInIndex = 0; path = MyWeatherAppUITests.xctest; sourceTree = BUILT_PRODUCTS_DIR; };
		AD451E472AE9ACB8003130C9 /* MyWeatherAppUITests.swift */ = {isa = PBXFileReference; lastKnownFileType = sourcecode.swift; path = MyWeatherAppUITests.swift; sourceTree = "<group>"; };
		AD451E492AE9ACB8003130C9 /* MyWeatherAppUITestsLaunchTests.swift */ = {isa = PBXFileReference; lastKnownFileType = sourcecode.swift; path = MyWeatherAppUITestsLaunchTests.swift; sourceTree = "<group>"; };
		AD451E632AE9CB6C003130C9 /* Development.xcconfig */ = {isa = PBXFileReference; lastKnownFileType = text.xcconfig; path = Development.xcconfig; sourceTree = "<group>"; };
		AD451E642AE9CC4D003130C9 /* Staging.xcconfig */ = {isa = PBXFileReference; lastKnownFileType = text.xcconfig; path = Staging.xcconfig; sourceTree = "<group>"; };
		AD451E652AE9CC54003130C9 /* Production.xcconfig */ = {isa = PBXFileReference; lastKnownFileType = text.xcconfig; path = Production.xcconfig; sourceTree = "<group>"; };
		AD451E662AE9CC8C003130C9 /* Base.xcconfig */ = {isa = PBXFileReference; lastKnownFileType = text.xcconfig; path = Base.xcconfig; sourceTree = "<group>"; };
		AD451E6D2AEA9E91003130C9 /* Coordinator.swift */ = {isa = PBXFileReference; lastKnownFileType = sourcecode.swift; path = Coordinator.swift; sourceTree = "<group>"; };
		AD451E6F2AEA9EF0003130C9 /* AppCoordinator.swift */ = {isa = PBXFileReference; lastKnownFileType = sourcecode.swift; path = AppCoordinator.swift; sourceTree = "<group>"; };
		AD451E722AEA9F98003130C9 /* CustomHostingController.swift */ = {isa = PBXFileReference; lastKnownFileType = sourcecode.swift; path = CustomHostingController.swift; sourceTree = "<group>"; };
		AD451E742AEAA099003130C9 /* HomeCoordinator.swift */ = {isa = PBXFileReference; lastKnownFileType = sourcecode.swift; path = HomeCoordinator.swift; sourceTree = "<group>"; };
		AD451E772AEAA11F003130C9 /* ViewControllerRoutes.swift */ = {isa = PBXFileReference; lastKnownFileType = sourcecode.swift; path = ViewControllerRoutes.swift; sourceTree = "<group>"; };
		AD451E7F2AEAA2AC003130C9 /* AppContainer.swift */ = {isa = PBXFileReference; lastKnownFileType = sourcecode.swift; path = AppContainer.swift; sourceTree = "<group>"; };
		AD451E832AEAA327003130C9 /* CommonContainer.swift */ = {isa = PBXFileReference; lastKnownFileType = sourcecode.swift; path = CommonContainer.swift; sourceTree = "<group>"; };
		AD451E8B2AEAA407003130C9 /* HomeVCBuilder.swift */ = {isa = PBXFileReference; lastKnownFileType = sourcecode.swift; path = HomeVCBuilder.swift; sourceTree = "<group>"; };
		AD451E8E2AEAA443003130C9 /* Typealias.swift */ = {isa = PBXFileReference; lastKnownFileType = sourcecode.swift; path = Typealias.swift; sourceTree = "<group>"; };
		AD451E902AEAA48F003130C9 /* BaseBuilder.swift */ = {isa = PBXFileReference; lastKnownFileType = sourcecode.swift; path = BaseBuilder.swift; sourceTree = "<group>"; };
		AD451E922AEAA4DB003130C9 /* HomeVC.swift */ = {isa = PBXFileReference; lastKnownFileType = sourcecode.swift; path = HomeVC.swift; sourceTree = "<group>"; };
		AD451E942AEAA53E003130C9 /* HomeViewModel.swift */ = {isa = PBXFileReference; lastKnownFileType = sourcecode.swift; path = HomeViewModel.swift; sourceTree = "<group>"; };
		AD451E962AEAA5E3003130C9 /* HomeScene.swift */ = {isa = PBXFileReference; lastKnownFileType = sourcecode.swift; path = HomeScene.swift; sourceTree = "<group>"; };
		AD451E992AEAA82F003130C9 /* UINavigationController+Extension.swift */ = {isa = PBXFileReference; lastKnownFileType = sourcecode.swift; path = "UINavigationController+Extension.swift"; sourceTree = "<group>"; };
		AD451E9B2AEAAB24003130C9 /* HomeHeaderView.swift */ = {isa = PBXFileReference; lastKnownFileType = sourcecode.swift; path = HomeHeaderView.swift; sourceTree = "<group>"; };
		AD451E9D2AEAB11F003130C9 /* HomeDetailView.swift */ = {isa = PBXFileReference; lastKnownFileType = sourcecode.swift; path = HomeDetailView.swift; sourceTree = "<group>"; };
		AD451EAA2AEADE98003130C9 /* en */ = {isa = PBXFileReference; lastKnownFileType = text.plist.strings; name = en; path = en.lproj/Localizable.strings; sourceTree = "<group>"; };
		AD451EAD2AEADEA6003130C9 /* Images.xcassets */ = {isa = PBXFileReference; lastKnownFileType = folder.assetcatalog; path = Images.xcassets; sourceTree = "<group>"; };
		AD451EAF2AEADEAF003130C9 /* Colors.xcassets */ = {isa = PBXFileReference; lastKnownFileType = folder.assetcatalog; path = Colors.xcassets; sourceTree = "<group>"; };
		AD451EB32AEADF84003130C9 /* Assets.generated.swift */ = {isa = PBXFileReference; fileEncoding = 4; lastKnownFileType = sourcecode.swift; path = Assets.generated.swift; sourceTree = "<group>"; };
		AD451EB52AEADFD1003130C9 /* Localizable.generated.swift */ = {isa = PBXFileReference; fileEncoding = 4; lastKnownFileType = sourcecode.swift; path = Localizable.generated.swift; sourceTree = "<group>"; };
		AD451EC12AEAE3EC003130C9 /* RequestPerformer.swift */ = {isa = PBXFileReference; lastKnownFileType = sourcecode.swift; path = RequestPerformer.swift; sourceTree = "<group>"; };
		AD451EC32AEAE9B2003130C9 /* NetworkURLManager.swift */ = {isa = PBXFileReference; lastKnownFileType = sourcecode.swift; path = NetworkURLManager.swift; sourceTree = "<group>"; };
		AD451EC52AEAE9FE003130C9 /* AppScheme.swift */ = {isa = PBXFileReference; lastKnownFileType = sourcecode.swift; path = AppScheme.swift; sourceTree = "<group>"; };
		AD451EC72AEAEFF7003130C9 /* IntegrationContainer.swift */ = {isa = PBXFileReference; lastKnownFileType = sourcecode.swift; path = IntegrationContainer.swift; sourceTree = "<group>"; };
		AD451ECB2AEAF100003130C9 /* HomeAppRepository.swift */ = {isa = PBXFileReference; lastKnownFileType = sourcecode.swift; path = HomeAppRepository.swift; sourceTree = "<group>"; };
		AD451ECD2AEAF17E003130C9 /* DefaultHomeOnlineRepository.swift */ = {isa = PBXFileReference; lastKnownFileType = sourcecode.swift; path = DefaultHomeOnlineRepository.swift; sourceTree = "<group>"; };
		AD451ECF2AEAF1BC003130C9 /* BaseOnlineRepository.swift */ = {isa = PBXFileReference; lastKnownFileType = sourcecode.swift; path = BaseOnlineRepository.swift; sourceTree = "<group>"; };
		AD451ED32AEAF224003130C9 /* HomeRequest.swift */ = {isa = PBXFileReference; lastKnownFileType = sourcecode.swift; path = HomeRequest.swift; sourceTree = "<group>"; };
		AD451ED62AEAF2B8003130C9 /* HomeRequestModel.swift */ = {isa = PBXFileReference; lastKnownFileType = sourcecode.swift; path = HomeRequestModel.swift; sourceTree = "<group>"; };
		AD451ED82AEAF35F003130C9 /* HomeResultModel.swift */ = {isa = PBXFileReference; lastKnownFileType = sourcecode.swift; path = HomeResultModel.swift; sourceTree = "<group>"; };
		AD451EDA2AEAF7A4003130C9 /* Codable+Extension.swift */ = {isa = PBXFileReference; lastKnownFileType = sourcecode.swift; path = "Codable+Extension.swift"; sourceTree = "<group>"; };
		AD451EDC2AEAF979003130C9 /* HomeViewState.swift */ = {isa = PBXFileReference; lastKnownFileType = sourcecode.swift; path = HomeViewState.swift; sourceTree = "<group>"; };
		AD451EDF2AEB0F44003130C9 /* TokenManager.swift */ = {isa = PBXFileReference; lastKnownFileType = sourcecode.swift; path = TokenManager.swift; sourceTree = "<group>"; };
		ADBDD37E2AEE40C2008C9286 /* ErrorView.swift */ = {isa = PBXFileReference; lastKnownFileType = sourcecode.swift; path = ErrorView.swift; sourceTree = "<group>"; };
		ADBDD3802AEE422E008C9286 /* View+Extensions.swift */ = {isa = PBXFileReference; lastKnownFileType = sourcecode.swift; path = "View+Extensions.swift"; sourceTree = "<group>"; };
/* End PBXFileReference section */

/* Begin PBXFrameworksBuildPhase section */
		AD451E202AE9ACB7003130C9 /* Frameworks */ = {
			isa = PBXFrameworksBuildPhase;
			buildActionMask = 2147483647;
			files = (
				AD0B769C2AEC313A00B9412D /* Kingfisher in Frameworks */,
				AD29CBD62AEF086200F22517 /* Swinject in Frameworks */,
				AD451EBD2AEAE06E003130C9 /* ReactiveNgNetworkModule in Frameworks */,
				AD451EBB2AEAE06E003130C9 /* NgNetworkModuleCore in Frameworks */,
				AD451EB92AEAE06E003130C9 /* ConcurrentNgNetworkModule in Frameworks */,
			);
			runOnlyForDeploymentPostprocessing = 0;
		};
		AD451E362AE9ACB8003130C9 /* Frameworks */ = {
			isa = PBXFrameworksBuildPhase;
			buildActionMask = 2147483647;
			files = (
			);
			runOnlyForDeploymentPostprocessing = 0;
		};
		AD451E402AE9ACB8003130C9 /* Frameworks */ = {
			isa = PBXFrameworksBuildPhase;
			buildActionMask = 2147483647;
			files = (
			);
			runOnlyForDeploymentPostprocessing = 0;
		};
/* End PBXFrameworksBuildPhase section */

/* Begin PBXGroup section */
		AD0B76962AEC0B1A00B9412D /* Model */ = {
			isa = PBXGroup;
			children = (
				AD0B76982AEC0B3500B9412D /* HomeWeatherModel.swift */,
			);
			path = Model;
			sourceTree = "<group>";
		};
		AD0B769D2AEC31DF00B9412D /* Managers */ = {
			isa = PBXGroup;
			children = (
				AD0B769E2AEC31E800B9412D /* LocationManager.swift */,
				AD21A28B2AEED71E00420125 /* DebounceManager.swift */,
				AD21A28F2AEEDCE700420125 /* UserManager.swift */,
			);
			path = Managers;
			sourceTree = "<group>";
		};
		AD21A2682AEE908500420125 /* Search */ = {
			isa = PBXGroup;
			children = (
				AD21A2882AEE9B9B00420125 /* Model */,
				AD21A26C2AEE909B00420125 /* Views */,
				AD21A26B2AEE909200420125 /* ViewModel */,
				AD21A26A2AEE908D00420125 /* Builder */,
				AD21A2692AEE908A00420125 /* Controller */,
			);
			path = Search;
			sourceTree = "<group>";
		};
		AD21A2692AEE908A00420125 /* Controller */ = {
			isa = PBXGroup;
			children = (
				AD21A2732AEE90C000420125 /* SearchVC.swift */,
			);
			path = Controller;
			sourceTree = "<group>";
		};
		AD21A26A2AEE908D00420125 /* Builder */ = {
			isa = PBXGroup;
			children = (
				AD21A2712AEE90B900420125 /* SearchVCBuilder.swift */,
			);
			path = Builder;
			sourceTree = "<group>";
		};
		AD21A26B2AEE909200420125 /* ViewModel */ = {
			isa = PBXGroup;
			children = (
				AD21A26F2AEE90B200420125 /* SearchViewModel.swift */,
				AD21A2862AEE9B8500420125 /* SearchViewState.swift */,
			);
			path = ViewModel;
			sourceTree = "<group>";
		};
		AD21A26C2AEE909B00420125 /* Views */ = {
			isa = PBXGroup;
			children = (
				AD21A26D2AEE90A500420125 /* SearchScene.swift */,
				AD21A2772AEE974E00420125 /* SearchEmptyView.swift */,
			);
			path = Views;
			sourceTree = "<group>";
		};
		AD21A2792AEE988200420125 /* Search */ = {
			isa = PBXGroup;
			children = (
				AD21A27A2AEE989000420125 /* SearchAppRepository.swift */,
				AD21A27C2AEE989D00420125 /* DefaultSearchOnlineRepository.swift */,
			);
			path = Search;
			sourceTree = "<group>";
		};
		AD21A27E2AEE98E600420125 /* Home */ = {
			isa = PBXGroup;
			children = (
				AD451ED62AEAF2B8003130C9 /* HomeRequestModel.swift */,
				AD451ED82AEAF35F003130C9 /* HomeResultModel.swift */,
			);
			name = Home;
			sourceTree = "<group>";
		};
		AD21A27F2AEE98E900420125 /* Search */ = {
			isa = PBXGroup;
			children = (
				AD21A2802AEE98F000420125 /* SearchRequestModel.swift */,
				AD21A2842AEE999700420125 /* SearchResultModel.swift */,
			);
			name = Search;
			sourceTree = "<group>";
		};
		AD21A2882AEE9B9B00420125 /* Model */ = {
			isa = PBXGroup;
			children = (
				AD21A2892AEE9BA400420125 /* SearchModel.swift */,
			);
			path = Model;
			sourceTree = "<group>";
		};
		AD451E1A2AE9ACB7003130C9 = {
			isa = PBXGroup;
			children = (
				AD451E252AE9ACB7003130C9 /* MyWeatherApp */,
				AD451E3C2AE9ACB8003130C9 /* MyWeatherAppTests */,
				AD451E462AE9ACB8003130C9 /* MyWeatherAppUITests */,
				AD451E242AE9ACB7003130C9 /* Products */,
			);
			sourceTree = "<group>";
		};
		AD451E242AE9ACB7003130C9 /* Products */ = {
			isa = PBXGroup;
			children = (
				AD451E232AE9ACB7003130C9 /* MyWeatherApp.app */,
				AD451E392AE9ACB8003130C9 /* MyWeatherAppTests.xctest */,
				AD451E432AE9ACB8003130C9 /* MyWeatherAppUITests.xctest */,
			);
			name = Products;
			sourceTree = "<group>";
		};
		AD451E252AE9ACB7003130C9 /* MyWeatherApp */ = {
			isa = PBXGroup;
			children = (
				AD0B769D2AEC31DF00B9412D /* Managers */,
				AD451EC92AEAF0E6003130C9 /* Repositories */,
				AD451EBE2AEAE2D1003130C9 /* Service */,
				AD451E9F2AEADD93003130C9 /* Resources */,
				AD451E982AEAA81D003130C9 /* Extensions */,
				AD451E8D2AEAA43A003130C9 /* Helpers */,
				AD451E852AEAA3CA003130C9 /* Scenes */,
				AD451E7E2AEAA2A1003130C9 /* Containers */,
				AD451E762AEAA114003130C9 /* Base */,
				AD451E712AEA9F79003130C9 /* Common */,
				AD451E6C2AEA9D64003130C9 /* Coordinator */,
				AD451E622AE9CB51003130C9 /* Configurations */,
				AD451E262AE9ACB7003130C9 /* AppDelegate.swift */,
				AD451E312AE9ACB7003130C9 /* LaunchScreen.storyboard */,
				AD451E342AE9ACB7003130C9 /* Info.plist */,
				AD451EC52AEAE9FE003130C9 /* AppScheme.swift */,
			);
			path = MyWeatherApp;
			sourceTree = "<group>";
		};
		AD451E3C2AE9ACB8003130C9 /* MyWeatherAppTests */ = {
			isa = PBXGroup;
			children = (
				AD451E3D2AE9ACB8003130C9 /* MyWeatherAppTests.swift */,
			);
			path = MyWeatherAppTests;
			sourceTree = "<group>";
		};
		AD451E462AE9ACB8003130C9 /* MyWeatherAppUITests */ = {
			isa = PBXGroup;
			children = (
				AD451E472AE9ACB8003130C9 /* MyWeatherAppUITests.swift */,
				AD451E492AE9ACB8003130C9 /* MyWeatherAppUITestsLaunchTests.swift */,
			);
			path = MyWeatherAppUITests;
			sourceTree = "<group>";
		};
		AD451E622AE9CB51003130C9 /* Configurations */ = {
			isa = PBXGroup;
			children = (
				AD451E632AE9CB6C003130C9 /* Development.xcconfig */,
				AD451E642AE9CC4D003130C9 /* Staging.xcconfig */,
				AD451E652AE9CC54003130C9 /* Production.xcconfig */,
				AD451E662AE9CC8C003130C9 /* Base.xcconfig */,
			);
			path = Configurations;
			sourceTree = "<group>";
		};
		AD451E6C2AEA9D64003130C9 /* Coordinator */ = {
			isa = PBXGroup;
			children = (
				AD451E6D2AEA9E91003130C9 /* Coordinator.swift */,
				AD451E6F2AEA9EF0003130C9 /* AppCoordinator.swift */,
				AD451E742AEAA099003130C9 /* HomeCoordinator.swift */,
			);
			path = Coordinator;
			sourceTree = "<group>";
		};
		AD451E712AEA9F79003130C9 /* Common */ = {
			isa = PBXGroup;
			children = (
				ADBDD37B2AEE40B7008C9286 /* Views */,
				AD451E722AEA9F98003130C9 /* CustomHostingController.swift */,
				AD21A2662AEE5FD700420125 /* LoadingView.swift */,
			);
			path = Common;
			sourceTree = "<group>";
		};
		AD451E762AEAA114003130C9 /* Base */ = {
			isa = PBXGroup;
			children = (
				AD451E772AEAA11F003130C9 /* ViewControllerRoutes.swift */,
				AD451E902AEAA48F003130C9 /* BaseBuilder.swift */,
			);
			path = Base;
			sourceTree = "<group>";
		};
		AD451E7E2AEAA2A1003130C9 /* Containers */ = {
			isa = PBXGroup;
			children = (
				AD451E7F2AEAA2AC003130C9 /* AppContainer.swift */,
				AD451E832AEAA327003130C9 /* CommonContainer.swift */,
				AD451EC72AEAEFF7003130C9 /* IntegrationContainer.swift */,
			);
			path = Containers;
			sourceTree = "<group>";
		};
		AD451E852AEAA3CA003130C9 /* Scenes */ = {
			isa = PBXGroup;
			children = (
				AD21A2682AEE908500420125 /* Search */,
				AD451E862AEAA3D6003130C9 /* Home */,
			);
			path = Scenes;
			sourceTree = "<group>";
		};
		AD451E862AEAA3D6003130C9 /* Home */ = {
			isa = PBXGroup;
			children = (
				AD0B76962AEC0B1A00B9412D /* Model */,
				AD451E8A2AEAA3EE003130C9 /* Controller */,
				AD451E892AEAA3E8003130C9 /* Builder */,
				AD451E882AEAA3E5003130C9 /* Views */,
				AD451E872AEAA3DC003130C9 /* ViewModel */,
			);
			path = Home;
			sourceTree = "<group>";
		};
		AD451E872AEAA3DC003130C9 /* ViewModel */ = {
			isa = PBXGroup;
			children = (
				AD451E942AEAA53E003130C9 /* HomeViewModel.swift */,
				AD451EDC2AEAF979003130C9 /* HomeViewState.swift */,
			);
			path = ViewModel;
			sourceTree = "<group>";
		};
		AD451E882AEAA3E5003130C9 /* Views */ = {
			isa = PBXGroup;
			children = (
				AD451E962AEAA5E3003130C9 /* HomeScene.swift */,
				AD451E9D2AEAB11F003130C9 /* HomeDetailView.swift */,
				AD451E9B2AEAAB24003130C9 /* HomeHeaderView.swift */,
			);
			path = Views;
			sourceTree = "<group>";
		};
		AD451E892AEAA3E8003130C9 /* Builder */ = {
			isa = PBXGroup;
			children = (
				AD451E8B2AEAA407003130C9 /* HomeVCBuilder.swift */,
			);
			path = Builder;
			sourceTree = "<group>";
		};
		AD451E8A2AEAA3EE003130C9 /* Controller */ = {
			isa = PBXGroup;
			children = (
				AD451E922AEAA4DB003130C9 /* HomeVC.swift */,
			);
			path = Controller;
			sourceTree = "<group>";
		};
		AD451E8D2AEAA43A003130C9 /* Helpers */ = {
			isa = PBXGroup;
			children = (
				AD451E8E2AEAA443003130C9 /* Typealias.swift */,
			);
			path = Helpers;
			sourceTree = "<group>";
		};
		AD451E982AEAA81D003130C9 /* Extensions */ = {
			isa = PBXGroup;
			children = (
				AD451E992AEAA82F003130C9 /* UINavigationController+Extension.swift */,
				AD451EDA2AEAF7A4003130C9 /* Codable+Extension.swift */,
				ADBDD3802AEE422E008C9286 /* View+Extensions.swift */,
				AD21A2932AEEDEB400420125 /* Optional+Extentsions.swift */,
				AD21A2952AEEE05B00420125 /* Publisher+Extensions.swift */,
				AD21A2972AEEE62C00420125 /* Double+Extenstion.swift */,
				AD21A2992AEEE6E000420125 /* Int+Extension.swift */,
			);
			path = Extensions;
			sourceTree = "<group>";
		};
		AD451E9F2AEADD93003130C9 /* Resources */ = {
			isa = PBXGroup;
			children = (
				AD451EB32AEADF84003130C9 /* Assets.generated.swift */,
				AD451EA22AEADDAF003130C9 /* Localization */,
				AD451EA12AEADDA9003130C9 /* Images */,
				AD451EA02AEADDA5003130C9 /* Colors */,
			);
			path = Resources;
			sourceTree = "<group>";
		};
		AD451EA02AEADDA5003130C9 /* Colors */ = {
			isa = PBXGroup;
			children = (
				AD451EAF2AEADEAF003130C9 /* Colors.xcassets */,
			);
			path = Colors;
			sourceTree = "<group>";
		};
		AD451EA12AEADDA9003130C9 /* Images */ = {
			isa = PBXGroup;
			children = (
				AD451EAD2AEADEA6003130C9 /* Images.xcassets */,
			);
			path = Images;
			sourceTree = "<group>";
		};
		AD451EA22AEADDAF003130C9 /* Localization */ = {
			isa = PBXGroup;
			children = (
				AD451EB52AEADFD1003130C9 /* Localizable.generated.swift */,
				AD451EAB2AEADE98003130C9 /* Localizable.strings */,
			);
			path = Localization;
			sourceTree = "<group>";
		};
		AD451EBE2AEAE2D1003130C9 /* Service */ = {
			isa = PBXGroup;
			children = (
				AD451ED52AEAF2AA003130C9 /* Models */,
				AD451ED22AEAF218003130C9 /* Base */,
				AD451ED12AEAF214003130C9 /* Requests */,
			);
			path = Service;
			sourceTree = "<group>";
		};
		AD451EC92AEAF0E6003130C9 /* Repositories */ = {
			isa = PBXGroup;
			children = (
				AD21A2792AEE988200420125 /* Search */,
				AD451ECA2AEAF0F6003130C9 /* Home */,
				AD451ECF2AEAF1BC003130C9 /* BaseOnlineRepository.swift */,
			);
			path = Repositories;
			sourceTree = "<group>";
		};
		AD451ECA2AEAF0F6003130C9 /* Home */ = {
			isa = PBXGroup;
			children = (
				AD451ECB2AEAF100003130C9 /* HomeAppRepository.swift */,
				AD451ECD2AEAF17E003130C9 /* DefaultHomeOnlineRepository.swift */,
			);
			path = Home;
			sourceTree = "<group>";
		};
		AD451ED12AEAF214003130C9 /* Requests */ = {
			isa = PBXGroup;
			children = (
				AD451ED32AEAF224003130C9 /* HomeRequest.swift */,
				AD21A2822AEE995800420125 /* SearchRequest.swift */,
			);
			path = Requests;
			sourceTree = "<group>";
		};
		AD451ED22AEAF218003130C9 /* Base */ = {
			isa = PBXGroup;
			children = (
				AD451EC12AEAE3EC003130C9 /* RequestPerformer.swift */,
				AD451EC32AEAE9B2003130C9 /* NetworkURLManager.swift */,
				AD451EDF2AEB0F44003130C9 /* TokenManager.swift */,
			);
			path = Base;
			sourceTree = "<group>";
		};
		AD451ED52AEAF2AA003130C9 /* Models */ = {
			isa = PBXGroup;
			children = (
				AD21A27F2AEE98E900420125 /* Search */,
				AD21A27E2AEE98E600420125 /* Home */,
			);
			name = Models;
			sourceTree = "<group>";
		};
		ADBDD37B2AEE40B7008C9286 /* Views */ = {
			isa = PBXGroup;
			children = (
				ADBDD37E2AEE40C2008C9286 /* ErrorView.swift */,
			);
			path = Views;
			sourceTree = "<group>";
		};
/* End PBXGroup section */

/* Begin PBXNativeTarget section */
		AD451E222AE9ACB7003130C9 /* MyWeatherApp */ = {
			isa = PBXNativeTarget;
			buildConfigurationList = AD451E4D2AE9ACB8003130C9 /* Build configuration list for PBXNativeTarget "MyWeatherApp" */;
			buildPhases = (
				AD451E1F2AE9ACB7003130C9 /* Sources */,
				AD451E202AE9ACB7003130C9 /* Frameworks */,
				AD451E212AE9ACB7003130C9 /* Resources */,
				AD29CBD32AEF082F00F22517 /* Embed Frameworks */,
			);
			buildRules = (
			);
			dependencies = (
			);
			name = MyWeatherApp;
			packageProductDependencies = (
				AD451EB82AEAE06E003130C9 /* ConcurrentNgNetworkModule */,
				AD451EBA2AEAE06E003130C9 /* NgNetworkModuleCore */,
				AD451EBC2AEAE06E003130C9 /* ReactiveNgNetworkModule */,
				AD0B769B2AEC313A00B9412D /* Kingfisher */,
				AD29CBD52AEF086200F22517 /* Swinject */,
			);
			productName = MyWeatherApp;
			productReference = AD451E232AE9ACB7003130C9 /* MyWeatherApp.app */;
			productType = "com.apple.product-type.application";
		};
		AD451E382AE9ACB8003130C9 /* MyWeatherAppTests */ = {
			isa = PBXNativeTarget;
			buildConfigurationList = AD451E502AE9ACB8003130C9 /* Build configuration list for PBXNativeTarget "MyWeatherAppTests" */;
			buildPhases = (
				AD451E352AE9ACB8003130C9 /* Sources */,
				AD451E362AE9ACB8003130C9 /* Frameworks */,
				AD451E372AE9ACB8003130C9 /* Resources */,
			);
			buildRules = (
			);
			dependencies = (
				AD451E3B2AE9ACB8003130C9 /* PBXTargetDependency */,
			);
			name = MyWeatherAppTests;
			productName = MyWeatherAppTests;
			productReference = AD451E392AE9ACB8003130C9 /* MyWeatherAppTests.xctest */;
			productType = "com.apple.product-type.bundle.unit-test";
		};
		AD451E422AE9ACB8003130C9 /* MyWeatherAppUITests */ = {
			isa = PBXNativeTarget;
			buildConfigurationList = AD451E532AE9ACB8003130C9 /* Build configuration list for PBXNativeTarget "MyWeatherAppUITests" */;
			buildPhases = (
				AD451E3F2AE9ACB8003130C9 /* Sources */,
				AD451E402AE9ACB8003130C9 /* Frameworks */,
				AD451E412AE9ACB8003130C9 /* Resources */,
			);
			buildRules = (
			);
			dependencies = (
				AD451E452AE9ACB8003130C9 /* PBXTargetDependency */,
			);
			name = MyWeatherAppUITests;
			productName = MyWeatherAppUITests;
			productReference = AD451E432AE9ACB8003130C9 /* MyWeatherAppUITests.xctest */;
			productType = "com.apple.product-type.bundle.ui-testing";
		};
/* End PBXNativeTarget section */

/* Begin PBXProject section */
		AD451E1B2AE9ACB7003130C9 /* Project object */ = {
			isa = PBXProject;
			attributes = {
				BuildIndependentTargetsInParallel = 1;
				LastSwiftUpdateCheck = 1500;
				LastUpgradeCheck = 1500;
				TargetAttributes = {
					AD451E222AE9ACB7003130C9 = {
						CreatedOnToolsVersion = 15.0;
					};
					AD451E382AE9ACB8003130C9 = {
						CreatedOnToolsVersion = 15.0;
						TestTargetID = AD451E222AE9ACB7003130C9;
					};
					AD451E422AE9ACB8003130C9 = {
						CreatedOnToolsVersion = 15.0;
						TestTargetID = AD451E222AE9ACB7003130C9;
					};
				};
			};
			buildConfigurationList = AD451E1E2AE9ACB7003130C9 /* Build configuration list for PBXProject "MyWeatherApp" */;
			compatibilityVersion = "Xcode 14.0";
			developmentRegion = en;
			hasScannedForEncodings = 0;
			knownRegions = (
				en,
				Base,
			);
			mainGroup = AD451E1A2AE9ACB7003130C9;
			packageReferences = (
				AD451EB72AEAE06E003130C9 /* XCRemoteSwiftPackageReference "ng-ios-network-module" */,
				AD0B769A2AEC313A00B9412D /* XCRemoteSwiftPackageReference "Kingfisher" */,
				AD29CBD42AEF086200F22517 /* XCRemoteSwiftPackageReference "Swinject" */,
			);
			productRefGroup = AD451E242AE9ACB7003130C9 /* Products */;
			projectDirPath = "";
			projectRoot = "";
			targets = (
				AD451E222AE9ACB7003130C9 /* MyWeatherApp */,
				AD451E382AE9ACB8003130C9 /* MyWeatherAppTests */,
				AD451E422AE9ACB8003130C9 /* MyWeatherAppUITests */,
			);
		};
/* End PBXProject section */

/* Begin PBXResourcesBuildPhase section */
		AD451E212AE9ACB7003130C9 /* Resources */ = {
			isa = PBXResourcesBuildPhase;
			buildActionMask = 2147483647;
			files = (
				AD451E332AE9ACB7003130C9 /* LaunchScreen.storyboard in Resources */,
				AD451EAE2AEADEA6003130C9 /* Images.xcassets in Resources */,
				AD451EA92AEADE98003130C9 /* Localizable.strings in Resources */,
				AD451EB02AEADEAF003130C9 /* Colors.xcassets in Resources */,
			);
			runOnlyForDeploymentPostprocessing = 0;
		};
		AD451E372AE9ACB8003130C9 /* Resources */ = {
			isa = PBXResourcesBuildPhase;
			buildActionMask = 2147483647;
			files = (
			);
			runOnlyForDeploymentPostprocessing = 0;
		};
		AD451E412AE9ACB8003130C9 /* Resources */ = {
			isa = PBXResourcesBuildPhase;
			buildActionMask = 2147483647;
			files = (
			);
			runOnlyForDeploymentPostprocessing = 0;
		};
/* End PBXResourcesBuildPhase section */

/* Begin PBXSourcesBuildPhase section */
		AD451E1F2AE9ACB7003130C9 /* Sources */ = {
			isa = PBXSourcesBuildPhase;
			buildActionMask = 2147483647;
			files = (
				AD21A29A2AEEE6E000420125 /* Int+Extension.swift in Sources */,
				AD451EC42AEAE9B2003130C9 /* NetworkURLManager.swift in Sources */,
				AD451E912AEAA48F003130C9 /* BaseBuilder.swift in Sources */,
				AD451E972AEAA5E3003130C9 /* HomeScene.swift in Sources */,
				AD451E932AEAA4DB003130C9 /* HomeVC.swift in Sources */,
				AD21A2962AEEE05B00420125 /* Publisher+Extensions.swift in Sources */,
				AD451EDB2AEAF7A4003130C9 /* Codable+Extension.swift in Sources */,
				AD451EB62AEADFD1003130C9 /* Localizable.generated.swift in Sources */,
				AD0B76992AEC0B3500B9412D /* HomeWeatherModel.swift in Sources */,
				AD451E842AEAA327003130C9 /* CommonContainer.swift in Sources */,
				AD21A2872AEE9B8500420125 /* SearchViewState.swift in Sources */,
				AD21A2742AEE90C000420125 /* SearchVC.swift in Sources */,
				AD21A26E2AEE90A500420125 /* SearchScene.swift in Sources */,
				AD0B769F2AEC31E800B9412D /* LocationManager.swift in Sources */,
				AD451EC22AEAE3EC003130C9 /* RequestPerformer.swift in Sources */,
				AD21A2702AEE90B200420125 /* SearchViewModel.swift in Sources */,
				AD21A2832AEE995800420125 /* SearchRequest.swift in Sources */,
				AD451E6E2AEA9E91003130C9 /* Coordinator.swift in Sources */,
				AD21A2982AEEE62C00420125 /* Double+Extenstion.swift in Sources */,
				AD21A2672AEE5FD700420125 /* LoadingView.swift in Sources */,
				AD451EC62AEAE9FE003130C9 /* AppScheme.swift in Sources */,
				AD451ED72AEAF2B8003130C9 /* HomeRequestModel.swift in Sources */,
				AD451E802AEAA2AC003130C9 /* AppContainer.swift in Sources */,
				AD451E8C2AEAA407003130C9 /* HomeVCBuilder.swift in Sources */,
				AD451E702AEA9EF0003130C9 /* AppCoordinator.swift in Sources */,
				AD21A2812AEE98F000420125 /* SearchRequestModel.swift in Sources */,
				AD451EB42AEADF84003130C9 /* Assets.generated.swift in Sources */,
				AD451EC82AEAEFF8003130C9 /* IntegrationContainer.swift in Sources */,
				AD451EE02AEB0F44003130C9 /* TokenManager.swift in Sources */,
				AD21A28A2AEE9BA400420125 /* SearchModel.swift in Sources */,
				AD451E732AEA9F98003130C9 /* CustomHostingController.swift in Sources */,
				AD21A2722AEE90B900420125 /* SearchVCBuilder.swift in Sources */,
				ADBDD37F2AEE40C2008C9286 /* ErrorView.swift in Sources */,
				AD451E272AE9ACB7003130C9 /* AppDelegate.swift in Sources */,
				AD451ED92AEAF35F003130C9 /* HomeResultModel.swift in Sources */,
				AD21A27B2AEE989000420125 /* SearchAppRepository.swift in Sources */,
				AD451ED02AEAF1BC003130C9 /* BaseOnlineRepository.swift in Sources */,
				AD451ED42AEAF224003130C9 /* HomeRequest.swift in Sources */,
				AD451E752AEAA099003130C9 /* HomeCoordinator.swift in Sources */,
				AD451E9C2AEAAB24003130C9 /* HomeHeaderView.swift in Sources */,
				AD21A2942AEEDEB400420125 /* Optional+Extentsions.swift in Sources */,
				AD451E782AEAA11F003130C9 /* ViewControllerRoutes.swift in Sources */,
				AD451E8F2AEAA443003130C9 /* Typealias.swift in Sources */,
				AD21A28C2AEED71E00420125 /* DebounceManager.swift in Sources */,
				AD21A2852AEE999700420125 /* SearchResultModel.swift in Sources */,
				ADBDD3812AEE422E008C9286 /* View+Extensions.swift in Sources */,
				AD21A2782AEE974E00420125 /* SearchEmptyView.swift in Sources */,
				AD451ECE2AEAF17E003130C9 /* DefaultHomeOnlineRepository.swift in Sources */,
				AD451EDD2AEAF979003130C9 /* HomeViewState.swift in Sources */,
				AD451E952AEAA53E003130C9 /* HomeViewModel.swift in Sources */,
				AD21A2902AEEDCE700420125 /* UserManager.swift in Sources */,
				AD451E9A2AEAA82F003130C9 /* UINavigationController+Extension.swift in Sources */,
				AD21A27D2AEE989D00420125 /* DefaultSearchOnlineRepository.swift in Sources */,
				AD451E9E2AEAB11F003130C9 /* HomeDetailView.swift in Sources */,
				AD451ECC2AEAF100003130C9 /* HomeAppRepository.swift in Sources */,
			);
			runOnlyForDeploymentPostprocessing = 0;
		};
		AD451E352AE9ACB8003130C9 /* Sources */ = {
			isa = PBXSourcesBuildPhase;
			buildActionMask = 2147483647;
			files = (
				AD451E3E2AE9ACB8003130C9 /* MyWeatherAppTests.swift in Sources */,
			);
			runOnlyForDeploymentPostprocessing = 0;
		};
		AD451E3F2AE9ACB8003130C9 /* Sources */ = {
			isa = PBXSourcesBuildPhase;
			buildActionMask = 2147483647;
			files = (
				AD451E482AE9ACB8003130C9 /* MyWeatherAppUITests.swift in Sources */,
				AD451E4A2AE9ACB8003130C9 /* MyWeatherAppUITestsLaunchTests.swift in Sources */,
			);
			runOnlyForDeploymentPostprocessing = 0;
		};
/* End PBXSourcesBuildPhase section */

/* Begin PBXTargetDependency section */
		AD451E3B2AE9ACB8003130C9 /* PBXTargetDependency */ = {
			isa = PBXTargetDependency;
			target = AD451E222AE9ACB7003130C9 /* MyWeatherApp */;
			targetProxy = AD451E3A2AE9ACB8003130C9 /* PBXContainerItemProxy */;
		};
		AD451E452AE9ACB8003130C9 /* PBXTargetDependency */ = {
			isa = PBXTargetDependency;
			target = AD451E222AE9ACB7003130C9 /* MyWeatherApp */;
			targetProxy = AD451E442AE9ACB8003130C9 /* PBXContainerItemProxy */;
		};
/* End PBXTargetDependency section */

/* Begin PBXVariantGroup section */
		AD451E312AE9ACB7003130C9 /* LaunchScreen.storyboard */ = {
			isa = PBXVariantGroup;
			children = (
				AD451E322AE9ACB7003130C9 /* Base */,
			);
			name = LaunchScreen.storyboard;
			sourceTree = "<group>";
		};
		AD451EAB2AEADE98003130C9 /* Localizable.strings */ = {
			isa = PBXVariantGroup;
			children = (
				AD451EAA2AEADE98003130C9 /* en */,
			);
			name = Localizable.strings;
			sourceTree = "<group>";
		};
/* End PBXVariantGroup section */

/* Begin XCBuildConfiguration section */
		AD451E4B2AE9ACB8003130C9 /* Development */ = {
			isa = XCBuildConfiguration;
			baseConfigurationReference = AD451E632AE9CB6C003130C9 /* Development.xcconfig */;
			buildSettings = {
				ALWAYS_SEARCH_USER_PATHS = NO;
				ASSETCATALOG_COMPILER_GENERATE_SWIFT_ASSET_SYMBOL_EXTENSIONS = YES;
				CLANG_ANALYZER_LOCALIZABILITY_NONLOCALIZED = YES;
				CLANG_ANALYZER_NONNULL = YES;
				CLANG_ANALYZER_NUMBER_OBJECT_CONVERSION = YES_AGGRESSIVE;
				CLANG_CXX_LANGUAGE_STANDARD = "gnu++20";
				CLANG_ENABLE_MODULES = YES;
				CLANG_ENABLE_OBJC_ARC = YES;
				CLANG_ENABLE_OBJC_WEAK = YES;
				CLANG_WARN_BLOCK_CAPTURE_AUTORELEASING = YES;
				CLANG_WARN_BOOL_CONVERSION = YES;
				CLANG_WARN_COMMA = YES;
				CLANG_WARN_CONSTANT_CONVERSION = YES;
				CLANG_WARN_DEPRECATED_OBJC_IMPLEMENTATIONS = YES;
				CLANG_WARN_DIRECT_OBJC_ISA_USAGE = YES_ERROR;
				CLANG_WARN_DOCUMENTATION_COMMENTS = YES;
				CLANG_WARN_EMPTY_BODY = YES;
				CLANG_WARN_ENUM_CONVERSION = YES;
				CLANG_WARN_INFINITE_RECURSION = YES;
				CLANG_WARN_INT_CONVERSION = YES;
				CLANG_WARN_NON_LITERAL_NULL_CONVERSION = YES;
				CLANG_WARN_OBJC_IMPLICIT_RETAIN_SELF = YES;
				CLANG_WARN_OBJC_LITERAL_CONVERSION = YES;
				CLANG_WARN_OBJC_ROOT_CLASS = YES_ERROR;
				CLANG_WARN_QUOTED_INCLUDE_IN_FRAMEWORK_HEADER = YES;
				CLANG_WARN_RANGE_LOOP_ANALYSIS = YES;
				CLANG_WARN_STRICT_PROTOTYPES = YES;
				CLANG_WARN_SUSPICIOUS_MOVE = YES;
				CLANG_WARN_UNGUARDED_AVAILABILITY = YES_AGGRESSIVE;
				CLANG_WARN_UNREACHABLE_CODE = YES;
				CLANG_WARN__DUPLICATE_METHOD_MATCH = YES;
				COPY_PHASE_STRIP = NO;
				DEBUG_INFORMATION_FORMAT = dwarf;
				ENABLE_STRICT_OBJC_MSGSEND = YES;
				ENABLE_TESTABILITY = YES;
				ENABLE_USER_SCRIPT_SANDBOXING = YES;
				GCC_C_LANGUAGE_STANDARD = gnu17;
				GCC_DYNAMIC_NO_PIC = NO;
				GCC_NO_COMMON_BLOCKS = YES;
				GCC_OPTIMIZATION_LEVEL = 0;
				GCC_PREPROCESSOR_DEFINITIONS = (
					"DEBUG=1",
					"$(inherited)",
				);
				GCC_WARN_64_TO_32_BIT_CONVERSION = YES;
				GCC_WARN_ABOUT_RETURN_TYPE = YES_ERROR;
				GCC_WARN_UNDECLARED_SELECTOR = YES;
				GCC_WARN_UNINITIALIZED_AUTOS = YES_AGGRESSIVE;
				GCC_WARN_UNUSED_FUNCTION = YES;
				GCC_WARN_UNUSED_VARIABLE = YES;
				LOCALIZATION_PREFERS_STRING_CATALOGS = YES;
				MTL_ENABLE_DEBUG_INFO = INCLUDE_SOURCE;
				MTL_FAST_MATH = YES;
				ONLY_ACTIVE_ARCH = YES;
				SDKROOT = iphoneos;
				SWIFT_ACTIVE_COMPILATION_CONDITIONS = "DEBUG $(inherited)";
				SWIFT_OPTIMIZATION_LEVEL = "-Onone";
			};
			name = Development;
		};
		AD451E4E2AE9ACB8003130C9 /* Development */ = {
			isa = XCBuildConfiguration;
			baseConfigurationReference = AD451E632AE9CB6C003130C9 /* Development.xcconfig */;
			buildSettings = {
				ASSETCATALOG_COMPILER_APPICON_NAME = AppIcon;
				ASSETCATALOG_COMPILER_GLOBAL_ACCENT_COLOR_NAME = AccentColor;
				CODE_SIGN_IDENTITY = "$(CODE_SIGN_IDENTITY)";
				CODE_SIGN_STYLE = Manual;
				CURRENT_PROJECT_VERSION = 1;
				DEVELOPMENT_TEAM = "$(DEVELOPMENT_TEAM)";
				GENERATE_INFOPLIST_FILE = YES;
				INFOPLIST_FILE = MyWeatherApp/Info.plist;
				INFOPLIST_KEY_UIApplicationSupportsIndirectInputEvents = YES;
				INFOPLIST_KEY_UILaunchStoryboardName = LaunchScreen;
				INFOPLIST_KEY_UISupportedInterfaceOrientations_iPad = "UIInterfaceOrientationPortrait UIInterfaceOrientationPortraitUpsideDown UIInterfaceOrientationLandscapeLeft UIInterfaceOrientationLandscapeRight";
				INFOPLIST_KEY_UISupportedInterfaceOrientations_iPhone = "UIInterfaceOrientationPortrait UIInterfaceOrientationLandscapeLeft UIInterfaceOrientationLandscapeRight";
				IPHONEOS_DEPLOYMENT_TARGET = "$(IPHONEOS_DEPLOYMENT_TARGET)";
				LD_RUNPATH_SEARCH_PATHS = (
					"$(inherited)",
					"@executable_path/Frameworks",
				);
				MARKETING_VERSION = 1.0;
				PRODUCT_BUNDLE_IDENTIFIER = "$(PRODUCT_BUNDLE_IDENTIFIER)";
				PRODUCT_NAME = "$(TARGET_NAME)";
				PROVISIONING_PROFILE_SPECIFIER = "$(PROVISIONING_PROFILE_SPECIFIER)";
				SWIFT_ACTIVE_COMPILATION_CONDITIONS = "$(ENV_DEFAULT) $(inherited)";
				SWIFT_EMIT_LOC_STRINGS = YES;
				SWIFT_VERSION = 5.0;
				TARGETED_DEVICE_FAMILY = "1,2";
			};
			name = Development;
		};
		AD451E512AE9ACB8003130C9 /* Development */ = {
			isa = XCBuildConfiguration;
			buildSettings = {
				ALWAYS_EMBED_SWIFT_STANDARD_LIBRARIES = YES;
				BUNDLE_LOADER = "$(TEST_HOST)";
				CODE_SIGN_STYLE = Automatic;
				CURRENT_PROJECT_VERSION = 1;
				DEVELOPMENT_TEAM = ALGWK3D6BW;
				GENERATE_INFOPLIST_FILE = YES;
				IPHONEOS_DEPLOYMENT_TARGET = 17.0;
				MARKETING_VERSION = 1.0;
				PRODUCT_BUNDLE_IDENTIFIER = com.kemalekren.MyWeatherAppTests;
				PRODUCT_NAME = "$(TARGET_NAME)";
				SWIFT_EMIT_LOC_STRINGS = NO;
				SWIFT_VERSION = 5.0;
				TARGETED_DEVICE_FAMILY = "1,2";
				TEST_HOST = "$(BUILT_PRODUCTS_DIR)/MyWeatherApp.app/$(BUNDLE_EXECUTABLE_FOLDER_PATH)/MyWeatherApp";
			};
			name = Development;
		};
		AD451E542AE9ACB8003130C9 /* Development */ = {
			isa = XCBuildConfiguration;
			buildSettings = {
				ALWAYS_EMBED_SWIFT_STANDARD_LIBRARIES = YES;
				CODE_SIGN_STYLE = Automatic;
				CURRENT_PROJECT_VERSION = 1;
				DEVELOPMENT_TEAM = ALGWK3D6BW;
				GENERATE_INFOPLIST_FILE = YES;
				MARKETING_VERSION = 1.0;
				PRODUCT_BUNDLE_IDENTIFIER = com.kemalekren.MyWeatherAppUITests;
				PRODUCT_NAME = "$(TARGET_NAME)";
				SWIFT_EMIT_LOC_STRINGS = NO;
				SWIFT_VERSION = 5.0;
				TARGETED_DEVICE_FAMILY = "1,2";
				TEST_TARGET_NAME = MyWeatherApp;
			};
			name = Development;
		};
		AD451E5A2AE9CB38003130C9 /* Staging */ = {
			isa = XCBuildConfiguration;
			baseConfigurationReference = AD451E642AE9CC4D003130C9 /* Staging.xcconfig */;
			buildSettings = {
				ALWAYS_SEARCH_USER_PATHS = NO;
				ASSETCATALOG_COMPILER_GENERATE_SWIFT_ASSET_SYMBOL_EXTENSIONS = YES;
				CLANG_ANALYZER_LOCALIZABILITY_NONLOCALIZED = YES;
				CLANG_ANALYZER_NONNULL = YES;
				CLANG_ANALYZER_NUMBER_OBJECT_CONVERSION = YES_AGGRESSIVE;
				CLANG_CXX_LANGUAGE_STANDARD = "gnu++20";
				CLANG_ENABLE_MODULES = YES;
				CLANG_ENABLE_OBJC_ARC = YES;
				CLANG_ENABLE_OBJC_WEAK = YES;
				CLANG_WARN_BLOCK_CAPTURE_AUTORELEASING = YES;
				CLANG_WARN_BOOL_CONVERSION = YES;
				CLANG_WARN_COMMA = YES;
				CLANG_WARN_CONSTANT_CONVERSION = YES;
				CLANG_WARN_DEPRECATED_OBJC_IMPLEMENTATIONS = YES;
				CLANG_WARN_DIRECT_OBJC_ISA_USAGE = YES_ERROR;
				CLANG_WARN_DOCUMENTATION_COMMENTS = YES;
				CLANG_WARN_EMPTY_BODY = YES;
				CLANG_WARN_ENUM_CONVERSION = YES;
				CLANG_WARN_INFINITE_RECURSION = YES;
				CLANG_WARN_INT_CONVERSION = YES;
				CLANG_WARN_NON_LITERAL_NULL_CONVERSION = YES;
				CLANG_WARN_OBJC_IMPLICIT_RETAIN_SELF = YES;
				CLANG_WARN_OBJC_LITERAL_CONVERSION = YES;
				CLANG_WARN_OBJC_ROOT_CLASS = YES_ERROR;
				CLANG_WARN_QUOTED_INCLUDE_IN_FRAMEWORK_HEADER = YES;
				CLANG_WARN_RANGE_LOOP_ANALYSIS = YES;
				CLANG_WARN_STRICT_PROTOTYPES = YES;
				CLANG_WARN_SUSPICIOUS_MOVE = YES;
				CLANG_WARN_UNGUARDED_AVAILABILITY = YES_AGGRESSIVE;
				CLANG_WARN_UNREACHABLE_CODE = YES;
				CLANG_WARN__DUPLICATE_METHOD_MATCH = YES;
				COPY_PHASE_STRIP = NO;
				DEBUG_INFORMATION_FORMAT = dwarf;
				ENABLE_STRICT_OBJC_MSGSEND = YES;
				ENABLE_TESTABILITY = YES;
				ENABLE_USER_SCRIPT_SANDBOXING = YES;
				GCC_C_LANGUAGE_STANDARD = gnu17;
				GCC_DYNAMIC_NO_PIC = NO;
				GCC_NO_COMMON_BLOCKS = YES;
				GCC_OPTIMIZATION_LEVEL = 0;
				GCC_PREPROCESSOR_DEFINITIONS = (
					"DEBUG=1",
					"$(inherited)",
				);
				GCC_WARN_64_TO_32_BIT_CONVERSION = YES;
				GCC_WARN_ABOUT_RETURN_TYPE = YES_ERROR;
				GCC_WARN_UNDECLARED_SELECTOR = YES;
				GCC_WARN_UNINITIALIZED_AUTOS = YES_AGGRESSIVE;
				GCC_WARN_UNUSED_FUNCTION = YES;
				GCC_WARN_UNUSED_VARIABLE = YES;
				LOCALIZATION_PREFERS_STRING_CATALOGS = YES;
				MTL_ENABLE_DEBUG_INFO = INCLUDE_SOURCE;
				MTL_FAST_MATH = YES;
				ONLY_ACTIVE_ARCH = YES;
				SDKROOT = iphoneos;
				SWIFT_ACTIVE_COMPILATION_CONDITIONS = "DEBUG $(inherited)";
				SWIFT_OPTIMIZATION_LEVEL = "-Onone";
			};
			name = Staging;
		};
		AD451E5B2AE9CB38003130C9 /* Staging */ = {
			isa = XCBuildConfiguration;
			baseConfigurationReference = AD451E642AE9CC4D003130C9 /* Staging.xcconfig */;
			buildSettings = {
				ASSETCATALOG_COMPILER_APPICON_NAME = AppIcon;
				ASSETCATALOG_COMPILER_GLOBAL_ACCENT_COLOR_NAME = AccentColor;
				CODE_SIGN_IDENTITY = "$(CODE_SIGN_IDENTITY)";
				CODE_SIGN_STYLE = Manual;
				CURRENT_PROJECT_VERSION = 1;
				DEVELOPMENT_TEAM = "$(DEVELOPMENT_TEAM)";
				GENERATE_INFOPLIST_FILE = YES;
				INFOPLIST_FILE = MyWeatherApp/Info.plist;
				INFOPLIST_KEY_UIApplicationSupportsIndirectInputEvents = YES;
				INFOPLIST_KEY_UILaunchStoryboardName = LaunchScreen;
				INFOPLIST_KEY_UISupportedInterfaceOrientations_iPad = "UIInterfaceOrientationPortrait UIInterfaceOrientationPortraitUpsideDown UIInterfaceOrientationLandscapeLeft UIInterfaceOrientationLandscapeRight";
				INFOPLIST_KEY_UISupportedInterfaceOrientations_iPhone = "UIInterfaceOrientationPortrait UIInterfaceOrientationLandscapeLeft UIInterfaceOrientationLandscapeRight";
				IPHONEOS_DEPLOYMENT_TARGET = "$(IPHONEOS_DEPLOYMENT_TARGET)";
				LD_RUNPATH_SEARCH_PATHS = (
					"$(inherited)",
					"@executable_path/Frameworks",
				);
				MARKETING_VERSION = 1.0;
				PRODUCT_BUNDLE_IDENTIFIER = "$(PRODUCT_BUNDLE_IDENTIFIER)";
				PRODUCT_NAME = "$(TARGET_NAME)";
				PROVISIONING_PROFILE_SPECIFIER = "$(PROVISIONING_PROFILE_SPECIFIER)";
				SWIFT_ACTIVE_COMPILATION_CONDITIONS = "$(ENV_DEFAULT) $(inherited)";
				SWIFT_EMIT_LOC_STRINGS = YES;
				SWIFT_VERSION = 5.0;
				TARGETED_DEVICE_FAMILY = "1,2";
			};
			name = Staging;
		};
		AD451E5C2AE9CB38003130C9 /* Staging */ = {
			isa = XCBuildConfiguration;
			buildSettings = {
				ALWAYS_EMBED_SWIFT_STANDARD_LIBRARIES = YES;
				BUNDLE_LOADER = "$(TEST_HOST)";
				CODE_SIGN_STYLE = Automatic;
				CURRENT_PROJECT_VERSION = 1;
				DEVELOPMENT_TEAM = ALGWK3D6BW;
				GENERATE_INFOPLIST_FILE = YES;
				IPHONEOS_DEPLOYMENT_TARGET = 17.0;
				MARKETING_VERSION = 1.0;
				PRODUCT_BUNDLE_IDENTIFIER = com.kemalekren.MyWeatherAppTests;
				PRODUCT_NAME = "$(TARGET_NAME)";
				SWIFT_EMIT_LOC_STRINGS = NO;
				SWIFT_VERSION = 5.0;
				TARGETED_DEVICE_FAMILY = "1,2";
				TEST_HOST = "$(BUILT_PRODUCTS_DIR)/MyWeatherApp.app/$(BUNDLE_EXECUTABLE_FOLDER_PATH)/MyWeatherApp";
			};
			name = Staging;
		};
		AD451E5D2AE9CB38003130C9 /* Staging */ = {
			isa = XCBuildConfiguration;
			buildSettings = {
				ALWAYS_EMBED_SWIFT_STANDARD_LIBRARIES = YES;
				CODE_SIGN_STYLE = Automatic;
				CURRENT_PROJECT_VERSION = 1;
				DEVELOPMENT_TEAM = ALGWK3D6BW;
				GENERATE_INFOPLIST_FILE = YES;
				MARKETING_VERSION = 1.0;
				PRODUCT_BUNDLE_IDENTIFIER = com.kemalekren.MyWeatherAppUITests;
				PRODUCT_NAME = "$(TARGET_NAME)";
				SWIFT_EMIT_LOC_STRINGS = NO;
				SWIFT_VERSION = 5.0;
				TARGETED_DEVICE_FAMILY = "1,2";
				TEST_TARGET_NAME = MyWeatherApp;
			};
			name = Staging;
		};
		AD451E5E2AE9CB42003130C9 /* Production */ = {
			isa = XCBuildConfiguration;
			baseConfigurationReference = AD451E652AE9CC54003130C9 /* Production.xcconfig */;
			buildSettings = {
				ALWAYS_SEARCH_USER_PATHS = NO;
				ASSETCATALOG_COMPILER_GENERATE_SWIFT_ASSET_SYMBOL_EXTENSIONS = YES;
				CLANG_ANALYZER_LOCALIZABILITY_NONLOCALIZED = YES;
				CLANG_ANALYZER_NONNULL = YES;
				CLANG_ANALYZER_NUMBER_OBJECT_CONVERSION = YES_AGGRESSIVE;
				CLANG_CXX_LANGUAGE_STANDARD = "gnu++20";
				CLANG_ENABLE_MODULES = YES;
				CLANG_ENABLE_OBJC_ARC = YES;
				CLANG_ENABLE_OBJC_WEAK = YES;
				CLANG_WARN_BLOCK_CAPTURE_AUTORELEASING = YES;
				CLANG_WARN_BOOL_CONVERSION = YES;
				CLANG_WARN_COMMA = YES;
				CLANG_WARN_CONSTANT_CONVERSION = YES;
				CLANG_WARN_DEPRECATED_OBJC_IMPLEMENTATIONS = YES;
				CLANG_WARN_DIRECT_OBJC_ISA_USAGE = YES_ERROR;
				CLANG_WARN_DOCUMENTATION_COMMENTS = YES;
				CLANG_WARN_EMPTY_BODY = YES;
				CLANG_WARN_ENUM_CONVERSION = YES;
				CLANG_WARN_INFINITE_RECURSION = YES;
				CLANG_WARN_INT_CONVERSION = YES;
				CLANG_WARN_NON_LITERAL_NULL_CONVERSION = YES;
				CLANG_WARN_OBJC_IMPLICIT_RETAIN_SELF = YES;
				CLANG_WARN_OBJC_LITERAL_CONVERSION = YES;
				CLANG_WARN_OBJC_ROOT_CLASS = YES_ERROR;
				CLANG_WARN_QUOTED_INCLUDE_IN_FRAMEWORK_HEADER = YES;
				CLANG_WARN_RANGE_LOOP_ANALYSIS = YES;
				CLANG_WARN_STRICT_PROTOTYPES = YES;
				CLANG_WARN_SUSPICIOUS_MOVE = YES;
				CLANG_WARN_UNGUARDED_AVAILABILITY = YES_AGGRESSIVE;
				CLANG_WARN_UNREACHABLE_CODE = YES;
				CLANG_WARN__DUPLICATE_METHOD_MATCH = YES;
				COPY_PHASE_STRIP = NO;
				DEBUG_INFORMATION_FORMAT = dwarf;
				ENABLE_STRICT_OBJC_MSGSEND = YES;
				ENABLE_TESTABILITY = YES;
				ENABLE_USER_SCRIPT_SANDBOXING = YES;
				GCC_C_LANGUAGE_STANDARD = gnu17;
				GCC_DYNAMIC_NO_PIC = NO;
				GCC_NO_COMMON_BLOCKS = YES;
				GCC_OPTIMIZATION_LEVEL = 0;
				GCC_PREPROCESSOR_DEFINITIONS = (
					"DEBUG=1",
					"$(inherited)",
				);
				GCC_WARN_64_TO_32_BIT_CONVERSION = YES;
				GCC_WARN_ABOUT_RETURN_TYPE = YES_ERROR;
				GCC_WARN_UNDECLARED_SELECTOR = YES;
				GCC_WARN_UNINITIALIZED_AUTOS = YES_AGGRESSIVE;
				GCC_WARN_UNUSED_FUNCTION = YES;
				GCC_WARN_UNUSED_VARIABLE = YES;
				LOCALIZATION_PREFERS_STRING_CATALOGS = YES;
				MTL_ENABLE_DEBUG_INFO = INCLUDE_SOURCE;
				MTL_FAST_MATH = YES;
				ONLY_ACTIVE_ARCH = YES;
				SDKROOT = iphoneos;
				SWIFT_ACTIVE_COMPILATION_CONDITIONS = "DEBUG $(inherited)";
				SWIFT_OPTIMIZATION_LEVEL = "-Onone";
			};
			name = Production;
		};
		AD451E5F2AE9CB42003130C9 /* Production */ = {
			isa = XCBuildConfiguration;
			baseConfigurationReference = AD451E652AE9CC54003130C9 /* Production.xcconfig */;
			buildSettings = {
				ASSETCATALOG_COMPILER_APPICON_NAME = AppIcon;
				ASSETCATALOG_COMPILER_GLOBAL_ACCENT_COLOR_NAME = AccentColor;
				CODE_SIGN_IDENTITY = "$(CODE_SIGN_IDENTITY)";
				CODE_SIGN_STYLE = Manual;
				CURRENT_PROJECT_VERSION = 1;
				DEVELOPMENT_TEAM = "$(DEVELOPMENT_TEAM)";
				ENV_DEFAULT = ENV_PRODUCTION;
				GENERATE_INFOPLIST_FILE = YES;
				INFOPLIST_FILE = MyWeatherApp/Info.plist;
				INFOPLIST_KEY_UIApplicationSupportsIndirectInputEvents = YES;
				INFOPLIST_KEY_UILaunchStoryboardName = LaunchScreen;
				INFOPLIST_KEY_UISupportedInterfaceOrientations_iPad = "UIInterfaceOrientationPortrait UIInterfaceOrientationPortraitUpsideDown UIInterfaceOrientationLandscapeLeft UIInterfaceOrientationLandscapeRight";
				INFOPLIST_KEY_UISupportedInterfaceOrientations_iPhone = "UIInterfaceOrientationPortrait UIInterfaceOrientationLandscapeLeft UIInterfaceOrientationLandscapeRight";
				IPHONEOS_DEPLOYMENT_TARGET = "$(IPHONEOS_DEPLOYMENT_TARGET)";
				LD_RUNPATH_SEARCH_PATHS = (
					"$(inherited)",
					"@executable_path/Frameworks",
				);
				MARKETING_VERSION = 1.0;
				PRODUCT_BUNDLE_IDENTIFIER = "$(PRODUCT_BUNDLE_IDENTIFIER)";
				PRODUCT_NAME = "$(TARGET_NAME)";
				PROVISIONING_PROFILE_SPECIFIER = "$(PROVISIONING_PROFILE_SPECIFIER)";
				SWIFT_ACTIVE_COMPILATION_CONDITIONS = "$(ENV_DEFAULT) $(inherited)";
				SWIFT_EMIT_LOC_STRINGS = YES;
				SWIFT_VERSION = 5.0;
				TARGETED_DEVICE_FAMILY = "1,2";
			};
			name = Production;
		};
		AD451E602AE9CB42003130C9 /* Production */ = {
			isa = XCBuildConfiguration;
			buildSettings = {
				ALWAYS_EMBED_SWIFT_STANDARD_LIBRARIES = YES;
				BUNDLE_LOADER = "$(TEST_HOST)";
				CODE_SIGN_STYLE = Automatic;
				CURRENT_PROJECT_VERSION = 1;
				DEVELOPMENT_TEAM = ALGWK3D6BW;
				GENERATE_INFOPLIST_FILE = YES;
				IPHONEOS_DEPLOYMENT_TARGET = 17.0;
				MARKETING_VERSION = 1.0;
				PRODUCT_BUNDLE_IDENTIFIER = com.kemalekren.MyWeatherAppTests;
				PRODUCT_NAME = "$(TARGET_NAME)";
				SWIFT_EMIT_LOC_STRINGS = NO;
				SWIFT_VERSION = 5.0;
				TARGETED_DEVICE_FAMILY = "1,2";
				TEST_HOST = "$(BUILT_PRODUCTS_DIR)/MyWeatherApp.app/$(BUNDLE_EXECUTABLE_FOLDER_PATH)/MyWeatherApp";
			};
			name = Production;
		};
		AD451E612AE9CB42003130C9 /* Production */ = {
			isa = XCBuildConfiguration;
			buildSettings = {
				ALWAYS_EMBED_SWIFT_STANDARD_LIBRARIES = YES;
				CODE_SIGN_STYLE = Automatic;
				CURRENT_PROJECT_VERSION = 1;
				DEVELOPMENT_TEAM = ALGWK3D6BW;
				GENERATE_INFOPLIST_FILE = YES;
				MARKETING_VERSION = 1.0;
				PRODUCT_BUNDLE_IDENTIFIER = com.kemalekren.MyWeatherAppUITests;
				PRODUCT_NAME = "$(TARGET_NAME)";
				SWIFT_EMIT_LOC_STRINGS = NO;
				SWIFT_VERSION = 5.0;
				TARGETED_DEVICE_FAMILY = "1,2";
				TEST_TARGET_NAME = MyWeatherApp;
			};
			name = Production;
		};
/* End XCBuildConfiguration section */

/* Begin XCConfigurationList section */
		AD451E1E2AE9ACB7003130C9 /* Build configuration list for PBXProject "MyWeatherApp" */ = {
			isa = XCConfigurationList;
			buildConfigurations = (
				AD451E4B2AE9ACB8003130C9 /* Development */,
				AD451E5A2AE9CB38003130C9 /* Staging */,
				AD451E5E2AE9CB42003130C9 /* Production */,
			);
			defaultConfigurationIsVisible = 0;
			defaultConfigurationName = Development;
		};
		AD451E4D2AE9ACB8003130C9 /* Build configuration list for PBXNativeTarget "MyWeatherApp" */ = {
			isa = XCConfigurationList;
			buildConfigurations = (
				AD451E4E2AE9ACB8003130C9 /* Development */,
				AD451E5B2AE9CB38003130C9 /* Staging */,
				AD451E5F2AE9CB42003130C9 /* Production */,
			);
			defaultConfigurationIsVisible = 0;
			defaultConfigurationName = Development;
		};
		AD451E502AE9ACB8003130C9 /* Build configuration list for PBXNativeTarget "MyWeatherAppTests" */ = {
			isa = XCConfigurationList;
			buildConfigurations = (
				AD451E512AE9ACB8003130C9 /* Development */,
				AD451E5C2AE9CB38003130C9 /* Staging */,
				AD451E602AE9CB42003130C9 /* Production */,
			);
			defaultConfigurationIsVisible = 0;
			defaultConfigurationName = Development;
		};
		AD451E532AE9ACB8003130C9 /* Build configuration list for PBXNativeTarget "MyWeatherAppUITests" */ = {
			isa = XCConfigurationList;
			buildConfigurations = (
				AD451E542AE9ACB8003130C9 /* Development */,
				AD451E5D2AE9CB38003130C9 /* Staging */,
				AD451E612AE9CB42003130C9 /* Production */,
			);
			defaultConfigurationIsVisible = 0;
			defaultConfigurationName = Development;
		};
/* End XCConfigurationList section */

/* Begin XCRemoteSwiftPackageReference section */
		AD0B769A2AEC313A00B9412D /* XCRemoteSwiftPackageReference "Kingfisher" */ = {
			isa = XCRemoteSwiftPackageReference;
			repositoryURL = "https://github.com/onevcat/Kingfisher.git";
			requirement = {
				kind = upToNextMajorVersion;
				minimumVersion = 7.9.1;
			};
		};
		AD29CBD42AEF086200F22517 /* XCRemoteSwiftPackageReference "Swinject" */ = {
			isa = XCRemoteSwiftPackageReference;
			repositoryURL = "https://github.com/Swinject/Swinject.git";
			requirement = {
				kind = upToNextMajorVersion;
				minimumVersion = 2.8.4;
			};
		};
		AD451EB72AEAE06E003130C9 /* XCRemoteSwiftPackageReference "ng-ios-network-module" */ = {
			isa = XCRemoteSwiftPackageReference;
			repositoryURL = "https://github.com/netguru/ng-ios-network-module.git";
			requirement = {
				kind = upToNextMajorVersion;
				minimumVersion = 1.0.4;
			};
		};
/* End XCRemoteSwiftPackageReference section */

/* Begin XCSwiftPackageProductDependency section */
		AD0B769B2AEC313A00B9412D /* Kingfisher */ = {
			isa = XCSwiftPackageProductDependency;
			package = AD0B769A2AEC313A00B9412D /* XCRemoteSwiftPackageReference "Kingfisher" */;
			productName = Kingfisher;
		};
		AD29CBD52AEF086200F22517 /* Swinject */ = {
			isa = XCSwiftPackageProductDependency;
			package = AD29CBD42AEF086200F22517 /* XCRemoteSwiftPackageReference "Swinject" */;
			productName = Swinject;
		};
		AD451EB82AEAE06E003130C9 /* ConcurrentNgNetworkModule */ = {
			isa = XCSwiftPackageProductDependency;
			package = AD451EB72AEAE06E003130C9 /* XCRemoteSwiftPackageReference "ng-ios-network-module" */;
			productName = ConcurrentNgNetworkModule;
		};
		AD451EBA2AEAE06E003130C9 /* NgNetworkModuleCore */ = {
			isa = XCSwiftPackageProductDependency;
			package = AD451EB72AEAE06E003130C9 /* XCRemoteSwiftPackageReference "ng-ios-network-module" */;
			productName = NgNetworkModuleCore;
		};
		AD451EBC2AEAE06E003130C9 /* ReactiveNgNetworkModule */ = {
			isa = XCSwiftPackageProductDependency;
			package = AD451EB72AEAE06E003130C9 /* XCRemoteSwiftPackageReference "ng-ios-network-module" */;
			productName = ReactiveNgNetworkModule;
		};
/* End XCSwiftPackageProductDependency section */
	};
	rootObject = AD451E1B2AE9ACB7003130C9 /* Project object */;
}
