// !$*UTF8*$!
{
	archiveVersion = 1;
	classes = {
	};
	objectVersion = 56;
	objects = {

/* Begin PBXBuildFile section */
		AD451E272AE9ACB7003130C9 /* AppDelegate.swift in Sources */ = {isa = PBXBuildFile; fileRef = AD451E262AE9ACB7003130C9 /* AppDelegate.swift */; };
		AD451E292AE9ACB7003130C9 /* SceneDelegate.swift in Sources */ = {isa = PBXBuildFile; fileRef = AD451E282AE9ACB7003130C9 /* SceneDelegate.swift */; };
		AD451E2B2AE9ACB7003130C9 /* ViewController.swift in Sources */ = {isa = PBXBuildFile; fileRef = AD451E2A2AE9ACB7003130C9 /* ViewController.swift */; };
		AD451E2E2AE9ACB7003130C9 /* Main.storyboard in Resources */ = {isa = PBXBuildFile; fileRef = AD451E2C2AE9ACB7003130C9 /* Main.storyboard */; };
		AD451E302AE9ACB7003130C9 /* Assets.xcassets in Resources */ = {isa = PBXBuildFile; fileRef = AD451E2F2AE9ACB7003130C9 /* Assets.xcassets */; };
		AD451E332AE9ACB7003130C9 /* LaunchScreen.storyboard in Resources */ = {isa = PBXBuildFile; fileRef = AD451E312AE9ACB7003130C9 /* LaunchScreen.storyboard */; };
		AD451E3E2AE9ACB8003130C9 /* MyWeatherAppTests.swift in Sources */ = {isa = PBXBuildFile; fileRef = AD451E3D2AE9ACB8003130C9 /* MyWeatherAppTests.swift */; };
		AD451E482AE9ACB8003130C9 /* MyWeatherAppUITests.swift in Sources */ = {isa = PBXBuildFile; fileRef = AD451E472AE9ACB8003130C9 /* MyWeatherAppUITests.swift */; };
		AD451E4A2AE9ACB8003130C9 /* MyWeatherAppUITestsLaunchTests.swift in Sources */ = {isa = PBXBuildFile; fileRef = AD451E492AE9ACB8003130C9 /* MyWeatherAppUITestsLaunchTests.swift */; };
		AD451E6E2AEA9E91003130C9 /* Coordinator.swift in Sources */ = {isa = PBXBuildFile; fileRef = AD451E6D2AEA9E91003130C9 /* Coordinator.swift */; };
		AD451E702AEA9EF0003130C9 /* AppCoordinator.swift in Sources */ = {isa = PBXBuildFile; fileRef = AD451E6F2AEA9EF0003130C9 /* AppCoordinator.swift */; };
		AD451E732AEA9F98003130C9 /* CustomHostingController.swift in Sources */ = {isa = PBXBuildFile; fileRef = AD451E722AEA9F98003130C9 /* CustomHostingController.swift */; };
		AD451E752AEAA099003130C9 /* HomeCoordinator.swift in Sources */ = {isa = PBXBuildFile; fileRef = AD451E742AEAA099003130C9 /* HomeCoordinator.swift */; };
		AD451E782AEAA11F003130C9 /* ViewControllerRoutes.swift in Sources */ = {isa = PBXBuildFile; fileRef = AD451E772AEAA11F003130C9 /* ViewControllerRoutes.swift */; };
/* End PBXBuildFile section */

/* Begin PBXContainerItemProxy section */
		AD451E3A2AE9ACB8003130C9 /* PBXContainerItemProxy */ = {
			isa = PBXContainerItemProxy;
			containerPortal = AD451E1B2AE9ACB7003130C9 /* Project object */;
			proxyType = 1;
			remoteGlobalIDString = AD451E222AE9ACB7003130C9;
			remoteInfo = MyWeatherApp;
		};
		AD451E442AE9ACB8003130C9 /* PBXContainerItemProxy */ = {
			isa = PBXContainerItemProxy;
			containerPortal = AD451E1B2AE9ACB7003130C9 /* Project object */;
			proxyType = 1;
			remoteGlobalIDString = AD451E222AE9ACB7003130C9;
			remoteInfo = MyWeatherApp;
		};
/* End PBXContainerItemProxy section */

/* Begin PBXFileReference section */
		AD451E232AE9ACB7003130C9 /* MyWeatherApp.app */ = {isa = PBXFileReference; explicitFileType = wrapper.application; includeInIndex = 0; path = MyWeatherApp.app; sourceTree = BUILT_PRODUCTS_DIR; };
		AD451E262AE9ACB7003130C9 /* AppDelegate.swift */ = {isa = PBXFileReference; lastKnownFileType = sourcecode.swift; path = AppDelegate.swift; sourceTree = "<group>"; };
		AD451E282AE9ACB7003130C9 /* SceneDelegate.swift */ = {isa = PBXFileReference; lastKnownFileType = sourcecode.swift; path = SceneDelegate.swift; sourceTree = "<group>"; };
		AD451E2A2AE9ACB7003130C9 /* ViewController.swift */ = {isa = PBXFileReference; lastKnownFileType = sourcecode.swift; path = ViewController.swift; sourceTree = "<group>"; };
		AD451E2D2AE9ACB7003130C9 /* Base */ = {isa = PBXFileReference; lastKnownFileType = file.storyboard; name = Base; path = Base.lproj/Main.storyboard; sourceTree = "<group>"; };
		AD451E2F2AE9ACB7003130C9 /* Assets.xcassets */ = {isa = PBXFileReference; lastKnownFileType = folder.assetcatalog; path = Assets.xcassets; sourceTree = "<group>"; };
		AD451E322AE9ACB7003130C9 /* Base */ = {isa = PBXFileReference; lastKnownFileType = file.storyboard; name = Base; path = Base.lproj/LaunchScreen.storyboard; sourceTree = "<group>"; };
		AD451E342AE9ACB7003130C9 /* Info.plist */ = {isa = PBXFileReference; lastKnownFileType = text.plist.xml; path = Info.plist; sourceTree = "<group>"; };
		AD451E392AE9ACB8003130C9 /* MyWeatherAppTests.xctest */ = {isa = PBXFileReference; explicitFileType = wrapper.cfbundle; includeInIndex = 0; path = MyWeatherAppTests.xctest; sourceTree = BUILT_PRODUCTS_DIR; };
		AD451E3D2AE9ACB8003130C9 /* MyWeatherAppTests.swift */ = {isa = PBXFileReference; lastKnownFileType = sourcecode.swift; path = MyWeatherAppTests.swift; sourceTree = "<group>"; };
		AD451E432AE9ACB8003130C9 /* MyWeatherAppUITests.xctest */ = {isa = PBXFileReference; explicitFileType = wrapper.cfbundle; includeInIndex = 0; path = MyWeatherAppUITests.xctest; sourceTree = BUILT_PRODUCTS_DIR; };
		AD451E472AE9ACB8003130C9 /* MyWeatherAppUITests.swift */ = {isa = PBXFileReference; lastKnownFileType = sourcecode.swift; path = MyWeatherAppUITests.swift; sourceTree = "<group>"; };
		AD451E492AE9ACB8003130C9 /* MyWeatherAppUITestsLaunchTests.swift */ = {isa = PBXFileReference; lastKnownFileType = sourcecode.swift; path = MyWeatherAppUITestsLaunchTests.swift; sourceTree = "<group>"; };
		AD451E632AE9CB6C003130C9 /* Development.xcconfig */ = {isa = PBXFileReference; lastKnownFileType = text.xcconfig; path = Development.xcconfig; sourceTree = "<group>"; };
		AD451E642AE9CC4D003130C9 /* Staging.xcconfig */ = {isa = PBXFileReference; lastKnownFileType = text.xcconfig; path = Staging.xcconfig; sourceTree = "<group>"; };
		AD451E652AE9CC54003130C9 /* Production.xcconfig */ = {isa = PBXFileReference; lastKnownFileType = text.xcconfig; path = Production.xcconfig; sourceTree = "<group>"; };
		AD451E662AE9CC8C003130C9 /* Base.xcconfig */ = {isa = PBXFileReference; lastKnownFileType = text.xcconfig; path = Base.xcconfig; sourceTree = "<group>"; };
		AD451E6D2AEA9E91003130C9 /* Coordinator.swift */ = {isa = PBXFileReference; lastKnownFileType = sourcecode.swift; path = Coordinator.swift; sourceTree = "<group>"; };
		AD451E6F2AEA9EF0003130C9 /* AppCoordinator.swift */ = {isa = PBXFileReference; lastKnownFileType = sourcecode.swift; path = AppCoordinator.swift; sourceTree = "<group>"; };
		AD451E722AEA9F98003130C9 /* CustomHostingController.swift */ = {isa = PBXFileReference; lastKnownFileType = sourcecode.swift; path = CustomHostingController.swift; sourceTree = "<group>"; };
		AD451E742AEAA099003130C9 /* HomeCoordinator.swift */ = {isa = PBXFileReference; lastKnownFileType = sourcecode.swift; path = HomeCoordinator.swift; sourceTree = "<group>"; };
		AD451E772AEAA11F003130C9 /* ViewControllerRoutes.swift */ = {isa = PBXFileReference; lastKnownFileType = sourcecode.swift; path = ViewControllerRoutes.swift; sourceTree = "<group>"; };
/* End PBXFileReference section */

/* Begin PBXFrameworksBuildPhase section */
		AD451E202AE9ACB7003130C9 /* Frameworks */ = {
			isa = PBXFrameworksBuildPhase;
			buildActionMask = 2147483647;
			files = (
			);
			runOnlyForDeploymentPostprocessing = 0;
		};
		AD451E362AE9ACB8003130C9 /* Frameworks */ = {
			isa = PBXFrameworksBuildPhase;
			buildActionMask = 2147483647;
			files = (
			);
			runOnlyForDeploymentPostprocessing = 0;
		};
		AD451E402AE9ACB8003130C9 /* Frameworks */ = {
			isa = PBXFrameworksBuildPhase;
			buildActionMask = 2147483647;
			files = (
			);
			runOnlyForDeploymentPostprocessing = 0;
		};
/* End PBXFrameworksBuildPhase section */

/* Begin PBXGroup section */
		AD451E1A2AE9ACB7003130C9 = {
			isa = PBXGroup;
			children = (
				AD451E252AE9ACB7003130C9 /* MyWeatherApp */,
				AD451E3C2AE9ACB8003130C9 /* MyWeatherAppTests */,
				AD451E462AE9ACB8003130C9 /* MyWeatherAppUITests */,
				AD451E242AE9ACB7003130C9 /* Products */,
			);
			sourceTree = "<group>";
		};
		AD451E242AE9ACB7003130C9 /* Products */ = {
			isa = PBXGroup;
			children = (
				AD451E232AE9ACB7003130C9 /* MyWeatherApp.app */,
				AD451E392AE9ACB8003130C9 /* MyWeatherAppTests.xctest */,
				AD451E432AE9ACB8003130C9 /* MyWeatherAppUITests.xctest */,
			);
			name = Products;
			sourceTree = "<group>";
		};
		AD451E252AE9ACB7003130C9 /* MyWeatherApp */ = {
			isa = PBXGroup;
			children = (
				AD451E762AEAA114003130C9 /* Base */,
				AD451E712AEA9F79003130C9 /* Common */,
				AD451E6C2AEA9D64003130C9 /* Coordinator */,
				AD451E622AE9CB51003130C9 /* Configurations */,
				AD451E262AE9ACB7003130C9 /* AppDelegate.swift */,
				AD451E282AE9ACB7003130C9 /* SceneDelegate.swift */,
				AD451E2A2AE9ACB7003130C9 /* ViewController.swift */,
				AD451E2C2AE9ACB7003130C9 /* Main.storyboard */,
				AD451E2F2AE9ACB7003130C9 /* Assets.xcassets */,
				AD451E312AE9ACB7003130C9 /* LaunchScreen.storyboard */,
				AD451E342AE9ACB7003130C9 /* Info.plist */,
			);
			path = MyWeatherApp;
			sourceTree = "<group>";
		};
		AD451E3C2AE9ACB8003130C9 /* MyWeatherAppTests */ = {
			isa = PBXGroup;
			children = (
				AD451E3D2AE9ACB8003130C9 /* MyWeatherAppTests.swift */,
			);
			path = MyWeatherAppTests;
			sourceTree = "<group>";
		};
		AD451E462AE9ACB8003130C9 /* MyWeatherAppUITests */ = {
			isa = PBXGroup;
			children = (
				AD451E472AE9ACB8003130C9 /* MyWeatherAppUITests.swift */,
				AD451E492AE9ACB8003130C9 /* MyWeatherAppUITestsLaunchTests.swift */,
			);
			path = MyWeatherAppUITests;
			sourceTree = "<group>";
		};
		AD451E622AE9CB51003130C9 /* Configurations */ = {
			isa = PBXGroup;
			children = (
				AD451E632AE9CB6C003130C9 /* Development.xcconfig */,
				AD451E642AE9CC4D003130C9 /* Staging.xcconfig */,
				AD451E652AE9CC54003130C9 /* Production.xcconfig */,
				AD451E662AE9CC8C003130C9 /* Base.xcconfig */,
			);
			path = Configurations;
			sourceTree = "<group>";
		};
		AD451E6C2AEA9D64003130C9 /* Coordinator */ = {
			isa = PBXGroup;
			children = (
				AD451E6D2AEA9E91003130C9 /* Coordinator.swift */,
				AD451E6F2AEA9EF0003130C9 /* AppCoordinator.swift */,
				AD451E742AEAA099003130C9 /* HomeCoordinator.swift */,
			);
			path = Coordinator;
			sourceTree = "<group>";
		};
		AD451E712AEA9F79003130C9 /* Common */ = {
			isa = PBXGroup;
			children = (
				AD451E722AEA9F98003130C9 /* CustomHostingController.swift */,
			);
			path = Common;
			sourceTree = "<group>";
		};
		AD451E762AEAA114003130C9 /* Base */ = {
			isa = PBXGroup;
			children = (
				AD451E772AEAA11F003130C9 /* ViewControllerRoutes.swift */,
			);
			path = Base;
			sourceTree = "<group>";
		};
/* End PBXGroup section */

/* Begin PBXNativeTarget section */
		AD451E222AE9ACB7003130C9 /* MyWeatherApp */ = {
			isa = PBXNativeTarget;
			buildConfigurationList = AD451E4D2AE9ACB8003130C9 /* Build configuration list for PBXNativeTarget "MyWeatherApp" */;
			buildPhases = (
				AD451E1F2AE9ACB7003130C9 /* Sources */,
				AD451E202AE9ACB7003130C9 /* Frameworks */,
				AD451E212AE9ACB7003130C9 /* Resources */,
			);
			buildRules = (
			);
			dependencies = (
			);
			name = MyWeatherApp;
			productName = MyWeatherApp;
			productReference = AD451E232AE9ACB7003130C9 /* MyWeatherApp.app */;
			productType = "com.apple.product-type.application";
		};
		AD451E382AE9ACB8003130C9 /* MyWeatherAppTests */ = {
			isa = PBXNativeTarget;
			buildConfigurationList = AD451E502AE9ACB8003130C9 /* Build configuration list for PBXNativeTarget "MyWeatherAppTests" */;
			buildPhases = (
				AD451E352AE9ACB8003130C9 /* Sources */,
				AD451E362AE9ACB8003130C9 /* Frameworks */,
				AD451E372AE9ACB8003130C9 /* Resources */,
			);
			buildRules = (
			);
			dependencies = (
				AD451E3B2AE9ACB8003130C9 /* PBXTargetDependency */,
			);
			name = MyWeatherAppTests;
			productName = MyWeatherAppTests;
			productReference = AD451E392AE9ACB8003130C9 /* MyWeatherAppTests.xctest */;
			productType = "com.apple.product-type.bundle.unit-test";
		};
		AD451E422AE9ACB8003130C9 /* MyWeatherAppUITests */ = {
			isa = PBXNativeTarget;
			buildConfigurationList = AD451E532AE9ACB8003130C9 /* Build configuration list for PBXNativeTarget "MyWeatherAppUITests" */;
			buildPhases = (
				AD451E3F2AE9ACB8003130C9 /* Sources */,
				AD451E402AE9ACB8003130C9 /* Frameworks */,
				AD451E412AE9ACB8003130C9 /* Resources */,
			);
			buildRules = (
			);
			dependencies = (
				AD451E452AE9ACB8003130C9 /* PBXTargetDependency */,
			);
			name = MyWeatherAppUITests;
			productName = MyWeatherAppUITests;
			productReference = AD451E432AE9ACB8003130C9 /* MyWeatherAppUITests.xctest */;
			productType = "com.apple.product-type.bundle.ui-testing";
		};
/* End PBXNativeTarget section */

/* Begin PBXProject section */
		AD451E1B2AE9ACB7003130C9 /* Project object */ = {
			isa = PBXProject;
			attributes = {
				BuildIndependentTargetsInParallel = 1;
				LastSwiftUpdateCheck = 1500;
				LastUpgradeCheck = 1500;
				TargetAttributes = {
					AD451E222AE9ACB7003130C9 = {
						CreatedOnToolsVersion = 15.0;
					};
					AD451E382AE9ACB8003130C9 = {
						CreatedOnToolsVersion = 15.0;
						TestTargetID = AD451E222AE9ACB7003130C9;
					};
					AD451E422AE9ACB8003130C9 = {
						CreatedOnToolsVersion = 15.0;
						TestTargetID = AD451E222AE9ACB7003130C9;
					};
				};
			};
			buildConfigurationList = AD451E1E2AE9ACB7003130C9 /* Build configuration list for PBXProject "MyWeatherApp" */;
			compatibilityVersion = "Xcode 14.0";
			developmentRegion = en;
			hasScannedForEncodings = 0;
			knownRegions = (
				en,
				Base,
			);
			mainGroup = AD451E1A2AE9ACB7003130C9;
			productRefGroup = AD451E242AE9ACB7003130C9 /* Products */;
			projectDirPath = "";
			projectRoot = "";
			targets = (
				AD451E222AE9ACB7003130C9 /* MyWeatherApp */,
				AD451E382AE9ACB8003130C9 /* MyWeatherAppTests */,
				AD451E422AE9ACB8003130C9 /* MyWeatherAppUITests */,
			);
		};
/* End PBXProject section */

/* Begin PBXResourcesBuildPhase section */
		AD451E212AE9ACB7003130C9 /* Resources */ = {
			isa = PBXResourcesBuildPhase;
			buildActionMask = 2147483647;
			files = (
				AD451E332AE9ACB7003130C9 /* LaunchScreen.storyboard in Resources */,
				AD451E302AE9ACB7003130C9 /* Assets.xcassets in Resources */,
				AD451E2E2AE9ACB7003130C9 /* Main.storyboard in Resources */,
			);
			runOnlyForDeploymentPostprocessing = 0;
		};
		AD451E372AE9ACB8003130C9 /* Resources */ = {
			isa = PBXResourcesBuildPhase;
			buildActionMask = 2147483647;
			files = (
			);
			runOnlyForDeploymentPostprocessing = 0;
		};
		AD451E412AE9ACB8003130C9 /* Resources */ = {
			isa = PBXResourcesBuildPhase;
			buildActionMask = 2147483647;
			files = (
			);
			runOnlyForDeploymentPostprocessing = 0;
		};
/* End PBXResourcesBuildPhase section */

/* Begin PBXSourcesBuildPhase section */
		AD451E1F2AE9ACB7003130C9 /* Sources */ = {
			isa = PBXSourcesBuildPhase;
			buildActionMask = 2147483647;
			files = (
				AD451E6E2AEA9E91003130C9 /* Coordinator.swift in Sources */,
				AD451E2B2AE9ACB7003130C9 /* ViewController.swift in Sources */,
				AD451E702AEA9EF0003130C9 /* AppCoordinator.swift in Sources */,
				AD451E732AEA9F98003130C9 /* CustomHostingController.swift in Sources */,
				AD451E272AE9ACB7003130C9 /* AppDelegate.swift in Sources */,
				AD451E752AEAA099003130C9 /* HomeCoordinator.swift in Sources */,
				AD451E782AEAA11F003130C9 /* ViewControllerRoutes.swift in Sources */,
				AD451E292AE9ACB7003130C9 /* SceneDelegate.swift in Sources */,
			);
			runOnlyForDeploymentPostprocessing = 0;
		};
		AD451E352AE9ACB8003130C9 /* Sources */ = {
			isa = PBXSourcesBuildPhase;
			buildActionMask = 2147483647;
			files = (
				AD451E3E2AE9ACB8003130C9 /* MyWeatherAppTests.swift in Sources */,
			);
			runOnlyForDeploymentPostprocessing = 0;
		};
		AD451E3F2AE9ACB8003130C9 /* Sources */ = {
			isa = PBXSourcesBuildPhase;
			buildActionMask = 2147483647;
			files = (
				AD451E482AE9ACB8003130C9 /* MyWeatherAppUITests.swift in Sources */,
				AD451E4A2AE9ACB8003130C9 /* MyWeatherAppUITestsLaunchTests.swift in Sources */,
			);
			runOnlyForDeploymentPostprocessing = 0;
		};
/* End PBXSourcesBuildPhase section */

/* Begin PBXTargetDependency section */
		AD451E3B2AE9ACB8003130C9 /* PBXTargetDependency */ = {
			isa = PBXTargetDependency;
			target = AD451E222AE9ACB7003130C9 /* MyWeatherApp */;
			targetProxy = AD451E3A2AE9ACB8003130C9 /* PBXContainerItemProxy */;
		};
		AD451E452AE9ACB8003130C9 /* PBXTargetDependency */ = {
			isa = PBXTargetDependency;
			target = AD451E222AE9ACB7003130C9 /* MyWeatherApp */;
			targetProxy = AD451E442AE9ACB8003130C9 /* PBXContainerItemProxy */;
		};
/* End PBXTargetDependency section */

/* Begin PBXVariantGroup section */
		AD451E2C2AE9ACB7003130C9 /* Main.storyboard */ = {
			isa = PBXVariantGroup;
			children = (
				AD451E2D2AE9ACB7003130C9 /* Base */,
			);
			name = Main.storyboard;
			sourceTree = "<group>";
		};
		AD451E312AE9ACB7003130C9 /* LaunchScreen.storyboard */ = {
			isa = PBXVariantGroup;
			children = (
				AD451E322AE9ACB7003130C9 /* Base */,
			);
			name = LaunchScreen.storyboard;
			sourceTree = "<group>";
		};
/* End PBXVariantGroup section */

/* Begin XCBuildConfiguration section */
		AD451E4B2AE9ACB8003130C9 /* Development */ = {
			isa = XCBuildConfiguration;
			baseConfigurationReference = AD451E632AE9CB6C003130C9 /* Development.xcconfig */;
			buildSettings = {
				ALWAYS_SEARCH_USER_PATHS = NO;
				ASSETCATALOG_COMPILER_GENERATE_SWIFT_ASSET_SYMBOL_EXTENSIONS = YES;
				CLANG_ANALYZER_NONNULL = YES;
				CLANG_ANALYZER_NUMBER_OBJECT_CONVERSION = YES_AGGRESSIVE;
				CLANG_CXX_LANGUAGE_STANDARD = "gnu++20";
				CLANG_ENABLE_MODULES = YES;
				CLANG_ENABLE_OBJC_ARC = YES;
				CLANG_ENABLE_OBJC_WEAK = YES;
				CLANG_WARN_BLOCK_CAPTURE_AUTORELEASING = YES;
				CLANG_WARN_BOOL_CONVERSION = YES;
				CLANG_WARN_COMMA = YES;
				CLANG_WARN_CONSTANT_CONVERSION = YES;
				CLANG_WARN_DEPRECATED_OBJC_IMPLEMENTATIONS = YES;
				CLANG_WARN_DIRECT_OBJC_ISA_USAGE = YES_ERROR;
				CLANG_WARN_DOCUMENTATION_COMMENTS = YES;
				CLANG_WARN_EMPTY_BODY = YES;
				CLANG_WARN_ENUM_CONVERSION = YES;
				CLANG_WARN_INFINITE_RECURSION = YES;
				CLANG_WARN_INT_CONVERSION = YES;
				CLANG_WARN_NON_LITERAL_NULL_CONVERSION = YES;
				CLANG_WARN_OBJC_IMPLICIT_RETAIN_SELF = YES;
				CLANG_WARN_OBJC_LITERAL_CONVERSION = YES;
				CLANG_WARN_OBJC_ROOT_CLASS = YES_ERROR;
				CLANG_WARN_QUOTED_INCLUDE_IN_FRAMEWORK_HEADER = YES;
				CLANG_WARN_RANGE_LOOP_ANALYSIS = YES;
				CLANG_WARN_STRICT_PROTOTYPES = YES;
				CLANG_WARN_SUSPICIOUS_MOVE = YES;
				CLANG_WARN_UNGUARDED_AVAILABILITY = YES_AGGRESSIVE;
				CLANG_WARN_UNREACHABLE_CODE = YES;
				CLANG_WARN__DUPLICATE_METHOD_MATCH = YES;
				COPY_PHASE_STRIP = NO;
				DEBUG_INFORMATION_FORMAT = dwarf;
				ENABLE_STRICT_OBJC_MSGSEND = YES;
				ENABLE_TESTABILITY = YES;
				ENABLE_USER_SCRIPT_SANDBOXING = YES;
				GCC_C_LANGUAGE_STANDARD = gnu17;
				GCC_DYNAMIC_NO_PIC = NO;
				GCC_NO_COMMON_BLOCKS = YES;
				GCC_OPTIMIZATION_LEVEL = 0;
				GCC_PREPROCESSOR_DEFINITIONS = (
					"DEBUG=1",
					"$(inherited)",
				);
				GCC_WARN_64_TO_32_BIT_CONVERSION = YES;
				GCC_WARN_ABOUT_RETURN_TYPE = YES_ERROR;
				GCC_WARN_UNDECLARED_SELECTOR = YES;
				GCC_WARN_UNINITIALIZED_AUTOS = YES_AGGRESSIVE;
				GCC_WARN_UNUSED_FUNCTION = YES;
				GCC_WARN_UNUSED_VARIABLE = YES;
				LOCALIZATION_PREFERS_STRING_CATALOGS = YES;
				MTL_ENABLE_DEBUG_INFO = INCLUDE_SOURCE;
				MTL_FAST_MATH = YES;
				ONLY_ACTIVE_ARCH = YES;
				SDKROOT = iphoneos;
				SWIFT_ACTIVE_COMPILATION_CONDITIONS = "DEBUG $(inherited)";
				SWIFT_OPTIMIZATION_LEVEL = "-Onone";
			};
			name = Development;
		};
		AD451E4E2AE9ACB8003130C9 /* Development */ = {
			isa = XCBuildConfiguration;
			baseConfigurationReference = AD451E632AE9CB6C003130C9 /* Development.xcconfig */;
			buildSettings = {
				ASSETCATALOG_COMPILER_APPICON_NAME = AppIcon;
				ASSETCATALOG_COMPILER_GLOBAL_ACCENT_COLOR_NAME = AccentColor;
				CODE_SIGN_IDENTITY = "$(CODE_SIGN_IDENTITY)";
				CODE_SIGN_STYLE = Manual;
				CURRENT_PROJECT_VERSION = 1;
				DEVELOPMENT_TEAM = "$(DEVELOPMENT_TEAM)";
				GENERATE_INFOPLIST_FILE = YES;
				INFOPLIST_FILE = MyWeatherApp/Info.plist;
				INFOPLIST_KEY_UIApplicationSupportsIndirectInputEvents = YES;
				INFOPLIST_KEY_UILaunchStoryboardName = LaunchScreen;
				INFOPLIST_KEY_UIMainStoryboardFile = Main;
				INFOPLIST_KEY_UISupportedInterfaceOrientations_iPad = "UIInterfaceOrientationPortrait UIInterfaceOrientationPortraitUpsideDown UIInterfaceOrientationLandscapeLeft UIInterfaceOrientationLandscapeRight";
				INFOPLIST_KEY_UISupportedInterfaceOrientations_iPhone = "UIInterfaceOrientationPortrait UIInterfaceOrientationLandscapeLeft UIInterfaceOrientationLandscapeRight";
				IPHONEOS_DEPLOYMENT_TARGET = "$(IPHONEOS_DEPLOYMENT_TARGET)";
				LD_RUNPATH_SEARCH_PATHS = (
					"$(inherited)",
					"@executable_path/Frameworks",
				);
				MARKETING_VERSION = 1.0;
				PRODUCT_BUNDLE_IDENTIFIER = "$(PRODUCT_BUNDLE_IDENTIFIER)";
				PRODUCT_NAME = "$(TARGET_NAME)";
				PROVISIONING_PROFILE_SPECIFIER = "$(PROVISIONING_PROFILE_SPECIFIER)";
				SWIFT_EMIT_LOC_STRINGS = YES;
				SWIFT_VERSION = 5.0;
				TARGETED_DEVICE_FAMILY = "1,2";
			};
			name = Development;
		};
		AD451E512AE9ACB8003130C9 /* Development */ = {
			isa = XCBuildConfiguration;
			buildSettings = {
				ALWAYS_EMBED_SWIFT_STANDARD_LIBRARIES = YES;
				BUNDLE_LOADER = "$(TEST_HOST)";
				CODE_SIGN_STYLE = Automatic;
				CURRENT_PROJECT_VERSION = 1;
				DEVELOPMENT_TEAM = ALGWK3D6BW;
				GENERATE_INFOPLIST_FILE = YES;
				IPHONEOS_DEPLOYMENT_TARGET = 17.0;
				MARKETING_VERSION = 1.0;
				PRODUCT_BUNDLE_IDENTIFIER = com.kemalekren.MyWeatherAppTests;
				PRODUCT_NAME = "$(TARGET_NAME)";
				SWIFT_EMIT_LOC_STRINGS = NO;
				SWIFT_VERSION = 5.0;
				TARGETED_DEVICE_FAMILY = "1,2";
				TEST_HOST = "$(BUILT_PRODUCTS_DIR)/MyWeatherApp.app/$(BUNDLE_EXECUTABLE_FOLDER_PATH)/MyWeatherApp";
			};
			name = Development;
		};
		AD451E542AE9ACB8003130C9 /* Development */ = {
			isa = XCBuildConfiguration;
			buildSettings = {
				ALWAYS_EMBED_SWIFT_STANDARD_LIBRARIES = YES;
				CODE_SIGN_STYLE = Automatic;
				CURRENT_PROJECT_VERSION = 1;
				DEVELOPMENT_TEAM = ALGWK3D6BW;
				GENERATE_INFOPLIST_FILE = YES;
				MARKETING_VERSION = 1.0;
				PRODUCT_BUNDLE_IDENTIFIER = com.kemalekren.MyWeatherAppUITests;
				PRODUCT_NAME = "$(TARGET_NAME)";
				SWIFT_EMIT_LOC_STRINGS = NO;
				SWIFT_VERSION = 5.0;
				TARGETED_DEVICE_FAMILY = "1,2";
				TEST_TARGET_NAME = MyWeatherApp;
			};
			name = Development;
		};
		AD451E5A2AE9CB38003130C9 /* Staging */ = {
			isa = XCBuildConfiguration;
			baseConfigurationReference = AD451E642AE9CC4D003130C9 /* Staging.xcconfig */;
			buildSettings = {
				ALWAYS_SEARCH_USER_PATHS = NO;
				ASSETCATALOG_COMPILER_GENERATE_SWIFT_ASSET_SYMBOL_EXTENSIONS = YES;
				CLANG_ANALYZER_NONNULL = YES;
				CLANG_ANALYZER_NUMBER_OBJECT_CONVERSION = YES_AGGRESSIVE;
				CLANG_CXX_LANGUAGE_STANDARD = "gnu++20";
				CLANG_ENABLE_MODULES = YES;
				CLANG_ENABLE_OBJC_ARC = YES;
				CLANG_ENABLE_OBJC_WEAK = YES;
				CLANG_WARN_BLOCK_CAPTURE_AUTORELEASING = YES;
				CLANG_WARN_BOOL_CONVERSION = YES;
				CLANG_WARN_COMMA = YES;
				CLANG_WARN_CONSTANT_CONVERSION = YES;
				CLANG_WARN_DEPRECATED_OBJC_IMPLEMENTATIONS = YES;
				CLANG_WARN_DIRECT_OBJC_ISA_USAGE = YES_ERROR;
				CLANG_WARN_DOCUMENTATION_COMMENTS = YES;
				CLANG_WARN_EMPTY_BODY = YES;
				CLANG_WARN_ENUM_CONVERSION = YES;
				CLANG_WARN_INFINITE_RECURSION = YES;
				CLANG_WARN_INT_CONVERSION = YES;
				CLANG_WARN_NON_LITERAL_NULL_CONVERSION = YES;
				CLANG_WARN_OBJC_IMPLICIT_RETAIN_SELF = YES;
				CLANG_WARN_OBJC_LITERAL_CONVERSION = YES;
				CLANG_WARN_OBJC_ROOT_CLASS = YES_ERROR;
				CLANG_WARN_QUOTED_INCLUDE_IN_FRAMEWORK_HEADER = YES;
				CLANG_WARN_RANGE_LOOP_ANALYSIS = YES;
				CLANG_WARN_STRICT_PROTOTYPES = YES;
				CLANG_WARN_SUSPICIOUS_MOVE = YES;
				CLANG_WARN_UNGUARDED_AVAILABILITY = YES_AGGRESSIVE;
				CLANG_WARN_UNREACHABLE_CODE = YES;
				CLANG_WARN__DUPLICATE_METHOD_MATCH = YES;
				COPY_PHASE_STRIP = NO;
				DEBUG_INFORMATION_FORMAT = dwarf;
				ENABLE_STRICT_OBJC_MSGSEND = YES;
				ENABLE_TESTABILITY = YES;
				ENABLE_USER_SCRIPT_SANDBOXING = YES;
				GCC_C_LANGUAGE_STANDARD = gnu17;
				GCC_DYNAMIC_NO_PIC = NO;
				GCC_NO_COMMON_BLOCKS = YES;
				GCC_OPTIMIZATION_LEVEL = 0;
				GCC_PREPROCESSOR_DEFINITIONS = (
					"DEBUG=1",
					"$(inherited)",
				);
				GCC_WARN_64_TO_32_BIT_CONVERSION = YES;
				GCC_WARN_ABOUT_RETURN_TYPE = YES_ERROR;
				GCC_WARN_UNDECLARED_SELECTOR = YES;
				GCC_WARN_UNINITIALIZED_AUTOS = YES_AGGRESSIVE;
				GCC_WARN_UNUSED_FUNCTION = YES;
				GCC_WARN_UNUSED_VARIABLE = YES;
				LOCALIZATION_PREFERS_STRING_CATALOGS = YES;
				MTL_ENABLE_DEBUG_INFO = INCLUDE_SOURCE;
				MTL_FAST_MATH = YES;
				ONLY_ACTIVE_ARCH = YES;
				SDKROOT = iphoneos;
				SWIFT_ACTIVE_COMPILATION_CONDITIONS = "DEBUG $(inherited)";
				SWIFT_OPTIMIZATION_LEVEL = "-Onone";
			};
			name = Staging;
		};
		AD451E5B2AE9CB38003130C9 /* Staging */ = {
			isa = XCBuildConfiguration;
			baseConfigurationReference = AD451E642AE9CC4D003130C9 /* Staging.xcconfig */;
			buildSettings = {
				ASSETCATALOG_COMPILER_APPICON_NAME = AppIcon;
				ASSETCATALOG_COMPILER_GLOBAL_ACCENT_COLOR_NAME = AccentColor;
				CODE_SIGN_IDENTITY = "$(CODE_SIGN_IDENTITY)";
				CODE_SIGN_STYLE = Manual;
				CURRENT_PROJECT_VERSION = 1;
				DEVELOPMENT_TEAM = "$(DEVELOPMENT_TEAM)";
				GENERATE_INFOPLIST_FILE = YES;
				INFOPLIST_FILE = MyWeatherApp/Info.plist;
				INFOPLIST_KEY_UIApplicationSupportsIndirectInputEvents = YES;
				INFOPLIST_KEY_UILaunchStoryboardName = LaunchScreen;
				INFOPLIST_KEY_UIMainStoryboardFile = Main;
				INFOPLIST_KEY_UISupportedInterfaceOrientations_iPad = "UIInterfaceOrientationPortrait UIInterfaceOrientationPortraitUpsideDown UIInterfaceOrientationLandscapeLeft UIInterfaceOrientationLandscapeRight";
				INFOPLIST_KEY_UISupportedInterfaceOrientations_iPhone = "UIInterfaceOrientationPortrait UIInterfaceOrientationLandscapeLeft UIInterfaceOrientationLandscapeRight";
				IPHONEOS_DEPLOYMENT_TARGET = "$(IPHONEOS_DEPLOYMENT_TARGET)";
				LD_RUNPATH_SEARCH_PATHS = (
					"$(inherited)",
					"@executable_path/Frameworks",
				);
				MARKETING_VERSION = 1.0;
				PRODUCT_BUNDLE_IDENTIFIER = "$(PRODUCT_BUNDLE_IDENTIFIER)";
				PRODUCT_NAME = "$(TARGET_NAME)";
				PROVISIONING_PROFILE_SPECIFIER = "$(PROVISIONING_PROFILE_SPECIFIER)";
				SWIFT_EMIT_LOC_STRINGS = YES;
				SWIFT_VERSION = 5.0;
				TARGETED_DEVICE_FAMILY = "1,2";
			};
			name = Staging;
		};
		AD451E5C2AE9CB38003130C9 /* Staging */ = {
			isa = XCBuildConfiguration;
			buildSettings = {
				ALWAYS_EMBED_SWIFT_STANDARD_LIBRARIES = YES;
				BUNDLE_LOADER = "$(TEST_HOST)";
				CODE_SIGN_STYLE = Automatic;
				CURRENT_PROJECT_VERSION = 1;
				DEVELOPMENT_TEAM = ALGWK3D6BW;
				GENERATE_INFOPLIST_FILE = YES;
				IPHONEOS_DEPLOYMENT_TARGET = 17.0;
				MARKETING_VERSION = 1.0;
				PRODUCT_BUNDLE_IDENTIFIER = com.kemalekren.MyWeatherAppTests;
				PRODUCT_NAME = "$(TARGET_NAME)";
				SWIFT_EMIT_LOC_STRINGS = NO;
				SWIFT_VERSION = 5.0;
				TARGETED_DEVICE_FAMILY = "1,2";
				TEST_HOST = "$(BUILT_PRODUCTS_DIR)/MyWeatherApp.app/$(BUNDLE_EXECUTABLE_FOLDER_PATH)/MyWeatherApp";
			};
			name = Staging;
		};
		AD451E5D2AE9CB38003130C9 /* Staging */ = {
			isa = XCBuildConfiguration;
			buildSettings = {
				ALWAYS_EMBED_SWIFT_STANDARD_LIBRARIES = YES;
				CODE_SIGN_STYLE = Automatic;
				CURRENT_PROJECT_VERSION = 1;
				DEVELOPMENT_TEAM = ALGWK3D6BW;
				GENERATE_INFOPLIST_FILE = YES;
				MARKETING_VERSION = 1.0;
				PRODUCT_BUNDLE_IDENTIFIER = com.kemalekren.MyWeatherAppUITests;
				PRODUCT_NAME = "$(TARGET_NAME)";
				SWIFT_EMIT_LOC_STRINGS = NO;
				SWIFT_VERSION = 5.0;
				TARGETED_DEVICE_FAMILY = "1,2";
				TEST_TARGET_NAME = MyWeatherApp;
			};
			name = Staging;
		};
		AD451E5E2AE9CB42003130C9 /* Production */ = {
			isa = XCBuildConfiguration;
			baseConfigurationReference = AD451E652AE9CC54003130C9 /* Production.xcconfig */;
			buildSettings = {
				ALWAYS_SEARCH_USER_PATHS = NO;
				ASSETCATALOG_COMPILER_GENERATE_SWIFT_ASSET_SYMBOL_EXTENSIONS = YES;
				CLANG_ANALYZER_NONNULL = YES;
				CLANG_ANALYZER_NUMBER_OBJECT_CONVERSION = YES_AGGRESSIVE;
				CLANG_CXX_LANGUAGE_STANDARD = "gnu++20";
				CLANG_ENABLE_MODULES = YES;
				CLANG_ENABLE_OBJC_ARC = YES;
				CLANG_ENABLE_OBJC_WEAK = YES;
				CLANG_WARN_BLOCK_CAPTURE_AUTORELEASING = YES;
				CLANG_WARN_BOOL_CONVERSION = YES;
				CLANG_WARN_COMMA = YES;
				CLANG_WARN_CONSTANT_CONVERSION = YES;
				CLANG_WARN_DEPRECATED_OBJC_IMPLEMENTATIONS = YES;
				CLANG_WARN_DIRECT_OBJC_ISA_USAGE = YES_ERROR;
				CLANG_WARN_DOCUMENTATION_COMMENTS = YES;
				CLANG_WARN_EMPTY_BODY = YES;
				CLANG_WARN_ENUM_CONVERSION = YES;
				CLANG_WARN_INFINITE_RECURSION = YES;
				CLANG_WARN_INT_CONVERSION = YES;
				CLANG_WARN_NON_LITERAL_NULL_CONVERSION = YES;
				CLANG_WARN_OBJC_IMPLICIT_RETAIN_SELF = YES;
				CLANG_WARN_OBJC_LITERAL_CONVERSION = YES;
				CLANG_WARN_OBJC_ROOT_CLASS = YES_ERROR;
				CLANG_WARN_QUOTED_INCLUDE_IN_FRAMEWORK_HEADER = YES;
				CLANG_WARN_RANGE_LOOP_ANALYSIS = YES;
				CLANG_WARN_STRICT_PROTOTYPES = YES;
				CLANG_WARN_SUSPICIOUS_MOVE = YES;
				CLANG_WARN_UNGUARDED_AVAILABILITY = YES_AGGRESSIVE;
				CLANG_WARN_UNREACHABLE_CODE = YES;
				CLANG_WARN__DUPLICATE_METHOD_MATCH = YES;
				COPY_PHASE_STRIP = NO;
				DEBUG_INFORMATION_FORMAT = dwarf;
				ENABLE_STRICT_OBJC_MSGSEND = YES;
				ENABLE_TESTABILITY = YES;
				ENABLE_USER_SCRIPT_SANDBOXING = YES;
				GCC_C_LANGUAGE_STANDARD = gnu17;
				GCC_DYNAMIC_NO_PIC = NO;
				GCC_NO_COMMON_BLOCKS = YES;
				GCC_OPTIMIZATION_LEVEL = 0;
				GCC_PREPROCESSOR_DEFINITIONS = (
					"DEBUG=1",
					"$(inherited)",
				);
				GCC_WARN_64_TO_32_BIT_CONVERSION = YES;
				GCC_WARN_ABOUT_RETURN_TYPE = YES_ERROR;
				GCC_WARN_UNDECLARED_SELECTOR = YES;
				GCC_WARN_UNINITIALIZED_AUTOS = YES_AGGRESSIVE;
				GCC_WARN_UNUSED_FUNCTION = YES;
				GCC_WARN_UNUSED_VARIABLE = YES;
				LOCALIZATION_PREFERS_STRING_CATALOGS = YES;
				MTL_ENABLE_DEBUG_INFO = INCLUDE_SOURCE;
				MTL_FAST_MATH = YES;
				ONLY_ACTIVE_ARCH = YES;
				SDKROOT = iphoneos;
				SWIFT_ACTIVE_COMPILATION_CONDITIONS = "DEBUG $(inherited)";
				SWIFT_OPTIMIZATION_LEVEL = "-Onone";
			};
			name = Production;
		};
		AD451E5F2AE9CB42003130C9 /* Production */ = {
			isa = XCBuildConfiguration;
			baseConfigurationReference = AD451E652AE9CC54003130C9 /* Production.xcconfig */;
			buildSettings = {
				ASSETCATALOG_COMPILER_APPICON_NAME = AppIcon;
				ASSETCATALOG_COMPILER_GLOBAL_ACCENT_COLOR_NAME = AccentColor;
				CODE_SIGN_IDENTITY = "$(CODE_SIGN_IDENTITY)";
				CODE_SIGN_STYLE = Manual;
				CURRENT_PROJECT_VERSION = 1;
				DEVELOPMENT_TEAM = "$(DEVELOPMENT_TEAM)";
				ENV_DEFAULT = ENV_PRODUCTION;
				GENERATE_INFOPLIST_FILE = YES;
				INFOPLIST_FILE = MyWeatherApp/Info.plist;
				INFOPLIST_KEY_UIApplicationSupportsIndirectInputEvents = YES;
				INFOPLIST_KEY_UILaunchStoryboardName = LaunchScreen;
				INFOPLIST_KEY_UIMainStoryboardFile = Main;
				INFOPLIST_KEY_UISupportedInterfaceOrientations_iPad = "UIInterfaceOrientationPortrait UIInterfaceOrientationPortraitUpsideDown UIInterfaceOrientationLandscapeLeft UIInterfaceOrientationLandscapeRight";
				INFOPLIST_KEY_UISupportedInterfaceOrientations_iPhone = "UIInterfaceOrientationPortrait UIInterfaceOrientationLandscapeLeft UIInterfaceOrientationLandscapeRight";
				IPHONEOS_DEPLOYMENT_TARGET = "$(IPHONEOS_DEPLOYMENT_TARGET)";
				LD_RUNPATH_SEARCH_PATHS = (
					"$(inherited)",
					"@executable_path/Frameworks",
				);
				MARKETING_VERSION = 1.0;
				PRODUCT_BUNDLE_IDENTIFIER = "$(PRODUCT_BUNDLE_IDENTIFIER)";
				PRODUCT_NAME = "$(TARGET_NAME)";
				PROVISIONING_PROFILE_SPECIFIER = "$(PROVISIONING_PROFILE_SPECIFIER)";
				SWIFT_EMIT_LOC_STRINGS = YES;
				SWIFT_VERSION = 5.0;
				TARGETED_DEVICE_FAMILY = "1,2";
			};
			name = Production;
		};
		AD451E602AE9CB42003130C9 /* Production */ = {
			isa = XCBuildConfiguration;
			buildSettings = {
				ALWAYS_EMBED_SWIFT_STANDARD_LIBRARIES = YES;
				BUNDLE_LOADER = "$(TEST_HOST)";
				CODE_SIGN_STYLE = Automatic;
				CURRENT_PROJECT_VERSION = 1;
				DEVELOPMENT_TEAM = ALGWK3D6BW;
				GENERATE_INFOPLIST_FILE = YES;
				IPHONEOS_DEPLOYMENT_TARGET = 17.0;
				MARKETING_VERSION = 1.0;
				PRODUCT_BUNDLE_IDENTIFIER = com.kemalekren.MyWeatherAppTests;
				PRODUCT_NAME = "$(TARGET_NAME)";
				SWIFT_EMIT_LOC_STRINGS = NO;
				SWIFT_VERSION = 5.0;
				TARGETED_DEVICE_FAMILY = "1,2";
				TEST_HOST = "$(BUILT_PRODUCTS_DIR)/MyWeatherApp.app/$(BUNDLE_EXECUTABLE_FOLDER_PATH)/MyWeatherApp";
			};
			name = Production;
		};
		AD451E612AE9CB42003130C9 /* Production */ = {
			isa = XCBuildConfiguration;
			buildSettings = {
				ALWAYS_EMBED_SWIFT_STANDARD_LIBRARIES = YES;
				CODE_SIGN_STYLE = Automatic;
				CURRENT_PROJECT_VERSION = 1;
				DEVELOPMENT_TEAM = ALGWK3D6BW;
				GENERATE_INFOPLIST_FILE = YES;
				MARKETING_VERSION = 1.0;
				PRODUCT_BUNDLE_IDENTIFIER = com.kemalekren.MyWeatherAppUITests;
				PRODUCT_NAME = "$(TARGET_NAME)";
				SWIFT_EMIT_LOC_STRINGS = NO;
				SWIFT_VERSION = 5.0;
				TARGETED_DEVICE_FAMILY = "1,2";
				TEST_TARGET_NAME = MyWeatherApp;
			};
			name = Production;
		};
/* End XCBuildConfiguration section */

/* Begin XCConfigurationList section */
		AD451E1E2AE9ACB7003130C9 /* Build configuration list for PBXProject "MyWeatherApp" */ = {
			isa = XCConfigurationList;
			buildConfigurations = (
				AD451E4B2AE9ACB8003130C9 /* Development */,
				AD451E5A2AE9CB38003130C9 /* Staging */,
				AD451E5E2AE9CB42003130C9 /* Production */,
			);
			defaultConfigurationIsVisible = 0;
			defaultConfigurationName = Development;
		};
		AD451E4D2AE9ACB8003130C9 /* Build configuration list for PBXNativeTarget "MyWeatherApp" */ = {
			isa = XCConfigurationList;
			buildConfigurations = (
				AD451E4E2AE9ACB8003130C9 /* Development */,
				AD451E5B2AE9CB38003130C9 /* Staging */,
				AD451E5F2AE9CB42003130C9 /* Production */,
			);
			defaultConfigurationIsVisible = 0;
			defaultConfigurationName = Development;
		};
		AD451E502AE9ACB8003130C9 /* Build configuration list for PBXNativeTarget "MyWeatherAppTests" */ = {
			isa = XCConfigurationList;
			buildConfigurations = (
				AD451E512AE9ACB8003130C9 /* Development */,
				AD451E5C2AE9CB38003130C9 /* Staging */,
				AD451E602AE9CB42003130C9 /* Production */,
			);
			defaultConfigurationIsVisible = 0;
			defaultConfigurationName = Development;
		};
		AD451E532AE9ACB8003130C9 /* Build configuration list for PBXNativeTarget "MyWeatherAppUITests" */ = {
			isa = XCConfigurationList;
			buildConfigurations = (
				AD451E542AE9ACB8003130C9 /* Development */,
				AD451E5D2AE9CB38003130C9 /* Staging */,
				AD451E612AE9CB42003130C9 /* Production */,
			);
			defaultConfigurationIsVisible = 0;
			defaultConfigurationName = Development;
		};
/* End XCConfigurationList section */
	};
	rootObject = AD451E1B2AE9ACB7003130C9 /* Project object */;
}
