{
  "pins" : [
    {
      "identity" : "kingfisher",
      "kind" : "remoteSourceControl",
      "location" : "https://github.com/onevcat/Kingfisher.git",
      "state" : {
        "revision" : "b6f62758f21a8c03cd64f4009c037cfa580a256e",
        "version" : "7.9.1"
      }
    },
    {
      "identity" : "ng-ios-network-module",
      "kind" : "remoteSourceControl",
      "location" : "https://github.com/netguru/ng-ios-network-module.git",
      "state" : {
        "revision" : "ac81a63daecdde6df3efcdf935ac738d32876606",
        "version" : "1.0.4"
      }
    },
    {
      "identity" : "swinject",
      "kind" : "remoteSourceControl",
      "location" : "https://github.com/Swinject/Swinject.git",
      "state" : {
        "revision" : "463cb2d659c8ae34899d18057ea5b1bb86fc3178",
        "version" : "2.8.4"
      }
    }
  ],
  "version" : 2
}
